// !$*UTF8*$!
{
	archiveVersion = 1;
	classes = {
	};
	objectVersion = 46;
	objects = {

/* Begin PBXBuildFile section */
		2A633FBAA283CCDA6A1EF60C /* libPods.a in Frameworks */ = {isa = PBXBuildFile; fileRef = 2DA38033A5447858D3106822 /* libPods.a */; };
		68081E8E1B43C8C300F93CFE /* AboutViewController.swift in Sources */ = {isa = PBXBuildFile; fileRef = 68081E8D1B43C8C300F93CFE /* AboutViewController.swift */; };
		68120FFF1B3E53B900C2AB49 /* NSNotificationCenterExtension.swift in Sources */ = {isa = PBXBuildFile; fileRef = 68120FFE1B3E53B900C2AB49 /* NSNotificationCenterExtension.swift */; };
		681210031B3E599200C2AB49 /* CategoryObject.swift in Sources */ = {isa = PBXBuildFile; fileRef = 681210021B3E599200C2AB49 /* CategoryObject.swift */; };
		681210071B3E5AEB00C2AB49 /* ConditionObject.swift in Sources */ = {isa = PBXBuildFile; fileRef = 681210061B3E5AEB00C2AB49 /* ConditionObject.swift */; };
		681210091B3E5B7C00C2AB49 /* AgeObject.swift in Sources */ = {isa = PBXBuildFile; fileRef = 681210081B3E5B7C00C2AB49 /* AgeObject.swift */; };
		6812100D1B3E5C1200C2AB49 /* CategoryManager.swift in Sources */ = {isa = PBXBuildFile; fileRef = 6812100C1B3E5C1200C2AB49 /* CategoryManager.swift */; };
		68164A9D1B46DC7000346F16 /* AdsViewViewController.swift in Sources */ = {isa = PBXBuildFile; fileRef = 68164A9B1B46DC7000346F16 /* AdsViewViewController.swift */; };
		68164A9E1B46DC7000346F16 /* AdsViewViewController.xib in Resources */ = {isa = PBXBuildFile; fileRef = 68164A9C1B46DC7000346F16 /* AdsViewViewController.xib */; };
		68164AA01B46E2F700346F16 /* CommentObject.swift in Sources */ = {isa = PBXBuildFile; fileRef = 68164A9F1B46E2F700346F16 /* CommentObject.swift */; };
		68181F801B57F3D1002FC002 /* NotificationAPI.swift in Sources */ = {isa = PBXBuildFile; fileRef = 68181F7F1B57F3D1002FC002 /* NotificationAPI.swift */; };
		68181F841B57F492002FC002 /* CommentAPI.swift in Sources */ = {isa = PBXBuildFile; fileRef = 68181F811B57F492002FC002 /* CommentAPI.swift */; };
		68181F851B57F492002FC002 /* FavoriteAPI.swift in Sources */ = {isa = PBXBuildFile; fileRef = 68181F821B57F492002FC002 /* FavoriteAPI.swift */; };
		68181F861B57F492002FC002 /* ItemAPI.swift in Sources */ = {isa = PBXBuildFile; fileRef = 68181F831B57F492002FC002 /* ItemAPI.swift */; };
		68181F881B57F4B2002FC002 /* DataManager.swift in Sources */ = {isa = PBXBuildFile; fileRef = 68181F871B57F4B2002FC002 /* DataManager.swift */; };
		682EACC51B456643007F67FB /* Main.storyboard in Resources */ = {isa = PBXBuildFile; fileRef = 68B299911B3DA9D6009720BF /* Main.storyboard */; };
		682EACD21B45968D007F67FB /* ShopLocalDetailViewController.swift in Sources */ = {isa = PBXBuildFile; fileRef = 682EACD01B45968D007F67FB /* ShopLocalDetailViewController.swift */; };
		682EACD31B45968D007F67FB /* ShopLocalDetailViewController.xib in Resources */ = {isa = PBXBuildFile; fileRef = 682EACD11B45968D007F67FB /* ShopLocalDetailViewController.xib */; };
		682EACD71B459707007F67FB /* ShopLocalFirstCell.swift in Sources */ = {isa = PBXBuildFile; fileRef = 682EACD51B459707007F67FB /* ShopLocalFirstCell.swift */; };
		682EACD81B459707007F67FB /* ShopLocalFirstCell.xib in Resources */ = {isa = PBXBuildFile; fileRef = 682EACD61B459707007F67FB /* ShopLocalFirstCell.xib */; };
		682EACDB1B459C15007F67FB /* ShopLocalSecondCell.swift in Sources */ = {isa = PBXBuildFile; fileRef = 682EACD91B459C15007F67FB /* ShopLocalSecondCell.swift */; };
		682EACDC1B459C15007F67FB /* ShopLocalSecondCell.xib in Resources */ = {isa = PBXBuildFile; fileRef = 682EACDA1B459C15007F67FB /* ShopLocalSecondCell.xib */; };
		682EACDF1B459D2B007F67FB /* ShopLocalThirdCell.swift in Sources */ = {isa = PBXBuildFile; fileRef = 682EACDD1B459D2B007F67FB /* ShopLocalThirdCell.swift */; };
		682EACE01B459D2B007F67FB /* ShopLocalThirdCell.xib in Resources */ = {isa = PBXBuildFile; fileRef = 682EACDE1B459D2B007F67FB /* ShopLocalThirdCell.xib */; };
		682EACE31B459E98007F67FB /* CommentCell.swift in Sources */ = {isa = PBXBuildFile; fileRef = 682EACE11B459E98007F67FB /* CommentCell.swift */; };
		682EACE41B459E98007F67FB /* CommentCell.xib in Resources */ = {isa = PBXBuildFile; fileRef = 682EACE21B459E98007F67FB /* CommentCell.xib */; };
		682EACE71B459F4D007F67FB /* AddNewCommentCell.swift in Sources */ = {isa = PBXBuildFile; fileRef = 682EACE51B459F4D007F67FB /* AddNewCommentCell.swift */; };
		682EACE81B459F4D007F67FB /* AddNewCommentCell.xib in Resources */ = {isa = PBXBuildFile; fileRef = 682EACE61B459F4D007F67FB /* AddNewCommentCell.xib */; };
		6834C6A01B3DCDB900F7912B /* AddPhotoCell.swift in Sources */ = {isa = PBXBuildFile; fileRef = 6834C69E1B3DCDB900F7912B /* AddPhotoCell.swift */; };
		6834C6A11B3DCDB900F7912B /* AddPhotoCell.xib in Resources */ = {isa = PBXBuildFile; fileRef = 6834C69F1B3DCDB900F7912B /* AddPhotoCell.xib */; };
		683500BE1B577FD2004B052C /* NotificationDetailFirstCell.swift in Sources */ = {isa = PBXBuildFile; fileRef = 683500BC1B577FD2004B052C /* NotificationDetailFirstCell.swift */; };
		683500BF1B577FD2004B052C /* NotificationDetailFirstCell.xib in Resources */ = {isa = PBXBuildFile; fileRef = 683500BD1B577FD2004B052C /* NotificationDetailFirstCell.xib */; };
		683500C21B577FEB004B052C /* NotificationDetailMessageCell.swift in Sources */ = {isa = PBXBuildFile; fileRef = 683500C01B577FEB004B052C /* NotificationDetailMessageCell.swift */; };
		683500C31B577FEB004B052C /* NotificationDetailMessageCell.xib in Resources */ = {isa = PBXBuildFile; fileRef = 683500C11B577FEB004B052C /* NotificationDetailMessageCell.xib */; };
		683500C61B578093004B052C /* NotificationDetailDescriptionCell.swift in Sources */ = {isa = PBXBuildFile; fileRef = 683500C41B578093004B052C /* NotificationDetailDescriptionCell.swift */; };
		683500C71B578093004B052C /* NotificationDetailDescriptionCell.xib in Resources */ = {isa = PBXBuildFile; fileRef = 683500C51B578093004B052C /* NotificationDetailDescriptionCell.xib */; };
		683500CA1B5780E7004B052C /* NotificationDetailLastCell.swift in Sources */ = {isa = PBXBuildFile; fileRef = 683500C81B5780E7004B052C /* NotificationDetailLastCell.swift */; };
		683500CB1B5780E7004B052C /* NotificationDetailLastCell.xib in Resources */ = {isa = PBXBuildFile; fileRef = 683500C91B5780E7004B052C /* NotificationDetailLastCell.xib */; };
		683D95C81B3E5EB30013B485 /* Constant.swift in Sources */ = {isa = PBXBuildFile; fileRef = 683D95C71B3E5EB30013B485 /* Constant.swift */; };
		684BE9AE1B42E5BA00F1D6E9 /* ItemListViewController.swift in Sources */ = {isa = PBXBuildFile; fileRef = 684BE9AD1B42E5BA00F1D6E9 /* ItemListViewController.swift */; };
		684BE9B21B42E66F00F1D6E9 /* ItemListCell.swift in Sources */ = {isa = PBXBuildFile; fileRef = 684BE9B01B42E66F00F1D6E9 /* ItemListCell.swift */; };
		684BE9B31B42E66F00F1D6E9 /* ItemListCell.xib in Resources */ = {isa = PBXBuildFile; fileRef = 684BE9B11B42E66F00F1D6E9 /* ItemListCell.xib */; };
		684BE9B71B43063F00F1D6E9 /* ItemDetailController.swift in Sources */ = {isa = PBXBuildFile; fileRef = 684BE9B51B43063F00F1D6E9 /* ItemDetailController.swift */; };
		684BE9B81B43063F00F1D6E9 /* ItemDetailController.xib in Resources */ = {isa = PBXBuildFile; fileRef = 684BE9B61B43063F00F1D6E9 /* ItemDetailController.xib */; };
		684BE9BB1B43080000F1D6E9 /* ClickImage.m in Sources */ = {isa = PBXBuildFile; fileRef = 684BE9BA1B43080000F1D6E9 /* ClickImage.m */; settings = {COMPILER_FLAGS = "-w"; }; };
		684BE9BE1B4313B300F1D6E9 /* MessageTableViewController.swift in Sources */ = {isa = PBXBuildFile; fileRef = 684BE9BD1B4313B300F1D6E9 /* MessageTableViewController.swift */; };
		684BE9C21B43146200F1D6E9 /* MessageCell.swift in Sources */ = {isa = PBXBuildFile; fileRef = 684BE9C01B43146200F1D6E9 /* MessageCell.swift */; };
		684BE9C31B43146200F1D6E9 /* MessageCell.xib in Resources */ = {isa = PBXBuildFile; fileRef = 684BE9C11B43146200F1D6E9 /* MessageCell.xib */; };
		684BE9C81B431C0200F1D6E9 /* ShopLocalViewController.swift in Sources */ = {isa = PBXBuildFile; fileRef = 684BE9C71B431C0200F1D6E9 /* ShopLocalViewController.swift */; };
		684BE9CC1B431C8B00F1D6E9 /* ShopLocalCollectionCell.swift in Sources */ = {isa = PBXBuildFile; fileRef = 684BE9CA1B431C8B00F1D6E9 /* ShopLocalCollectionCell.swift */; };
		684BE9CD1B431C8B00F1D6E9 /* ShopLocalCollectionCell.xib in Resources */ = {isa = PBXBuildFile; fileRef = 684BE9CB1B431C8B00F1D6E9 /* ShopLocalCollectionCell.xib */; };
		686ABAED1B3E704A00AC80E0 /* MyCustomImage.swift in Sources */ = {isa = PBXBuildFile; fileRef = 686ABAEC1B3E704A00AC80E0 /* MyCustomImage.swift */; };
		686ABB011B3E85CC00AC80E0 /* ELCAlbumPickerController.m in Sources */ = {isa = PBXBuildFile; fileRef = 686ABAF11B3E85CC00AC80E0 /* ELCAlbumPickerController.m */; };
		686ABB021B3E85CC00AC80E0 /* ELCAsset.m in Sources */ = {isa = PBXBuildFile; fileRef = 686ABAF31B3E85CC00AC80E0 /* ELCAsset.m */; };
		686ABB031B3E85CC00AC80E0 /* ELCAssetCell.m in Sources */ = {isa = PBXBuildFile; fileRef = 686ABAF51B3E85CC00AC80E0 /* ELCAssetCell.m */; };
		686ABB041B3E85CC00AC80E0 /* ELCAssetTablePicker.m in Sources */ = {isa = PBXBuildFile; fileRef = 686ABAF91B3E85CC00AC80E0 /* ELCAssetTablePicker.m */; };
		686ABB051B3E85CC00AC80E0 /* ELCConsole.m in Sources */ = {isa = PBXBuildFile; fileRef = 686ABAFB1B3E85CC00AC80E0 /* ELCConsole.m */; };
		686ABB061B3E85CC00AC80E0 /* ELCImagePickerController.m in Sources */ = {isa = PBXBuildFile; fileRef = 686ABAFD1B3E85CC00AC80E0 /* ELCImagePickerController.m */; settings = {COMPILER_FLAGS = "-w"; }; };
		686ABB071B3E85CC00AC80E0 /* ELCOverlayImageView.m in Sources */ = {isa = PBXBuildFile; fileRef = 686ABB001B3E85CC00AC80E0 /* ELCOverlayImageView.m */; };
		686ABB0B1B3E9CB500AC80E0 /* ItemInfoController.swift in Sources */ = {isa = PBXBuildFile; fileRef = 686ABB091B3E9CB500AC80E0 /* ItemInfoController.swift */; };
		686ABB0C1B3E9CB500AC80E0 /* ItemInfoController.xib in Resources */ = {isa = PBXBuildFile; fileRef = 686ABB0A1B3E9CB500AC80E0 /* ItemInfoController.xib */; };
		686ABB0E1B3E9D2300AC80E0 /* BaseSubViewController.swift in Sources */ = {isa = PBXBuildFile; fileRef = 686ABB0D1B3E9D2300AC80E0 /* BaseSubViewController.swift */; };
		686E52401B5A35550047D2F6 /* User.swift in Sources */ = {isa = PBXBuildFile; fileRef = 686E523F1B5A35550047D2F6 /* User.swift */; };
		686E52421B5A38710047D2F6 /* Item.swift in Sources */ = {isa = PBXBuildFile; fileRef = 686E52411B5A38710047D2F6 /* Item.swift */; };
		686E52441B5A39A90047D2F6 /* Category.swift in Sources */ = {isa = PBXBuildFile; fileRef = 686E52431B5A39A90047D2F6 /* Category.swift */; };
		686E52461B5A39F50047D2F6 /* Condition.swift in Sources */ = {isa = PBXBuildFile; fileRef = 686E52451B5A39F50047D2F6 /* Condition.swift */; };
		686E52481B5A3A210047D2F6 /* Age.swift in Sources */ = {isa = PBXBuildFile; fileRef = 686E52471B5A3A210047D2F6 /* Age.swift */; };
		686E524A1B5A3A580047D2F6 /* Notification.swift in Sources */ = {isa = PBXBuildFile; fileRef = 686E52491B5A3A580047D2F6 /* Notification.swift */; };
		686ECCBC1B416333001A861B /* SignUpViewController.swift in Sources */ = {isa = PBXBuildFile; fileRef = 686ECCBA1B416333001A861B /* SignUpViewController.swift */; };
		686ECCBD1B416333001A861B /* SignUpViewController.xib in Resources */ = {isa = PBXBuildFile; fileRef = 686ECCBB1B416333001A861B /* SignUpViewController.xib */; };
		68707CE41B4233E300F99445 /* ProfileViewController.swift in Sources */ = {isa = PBXBuildFile; fileRef = 68707CE31B4233E300F99445 /* ProfileViewController.swift */; };
		68707CE71B428BD500F99445 /* FavoriteViewController.swift in Sources */ = {isa = PBXBuildFile; fileRef = 68707CE61B428BD500F99445 /* FavoriteViewController.swift */; };
		68707CEB1B4290CD00F99445 /* NotificationDetailViewController.swift in Sources */ = {isa = PBXBuildFile; fileRef = 68707CE91B4290CD00F99445 /* NotificationDetailViewController.swift */; };
		68707CEC1B4290CD00F99445 /* NotificationDetailViewController.xib in Resources */ = {isa = PBXBuildFile; fileRef = 68707CEA1B4290CD00F99445 /* NotificationDetailViewController.xib */; };
		6879D8D21B3E346400F89BAF /* SecondPriceCell.swift in Sources */ = {isa = PBXBuildFile; fileRef = 6879D8D01B3E346400F89BAF /* SecondPriceCell.swift */; };
		6879D8D31B3E346400F89BAF /* SecondPriceCell.xib in Resources */ = {isa = PBXBuildFile; fileRef = 6879D8D11B3E346400F89BAF /* SecondPriceCell.xib */; };
		6879D8D61B3E370E00F89BAF /* ItemDescriptionCell.swift in Sources */ = {isa = PBXBuildFile; fileRef = 6879D8D41B3E370E00F89BAF /* ItemDescriptionCell.swift */; };
		6879D8D71B3E370E00F89BAF /* ItemDescriptionCell.xib in Resources */ = {isa = PBXBuildFile; fileRef = 6879D8D51B3E370E00F89BAF /* ItemDescriptionCell.xib */; };
		6879D8D91B3E37A900F89BAF /* MyCustomTextField.swift in Sources */ = {isa = PBXBuildFile; fileRef = 6879D8D81B3E37A900F89BAF /* MyCustomTextField.swift */; };
		687EF1741B4EC980007DADC0 /* FilterView.swift in Sources */ = {isa = PBXBuildFile; fileRef = 687EF1731B4EC980007DADC0 /* FilterView.swift */; };
		687EF1761B4ECA53007DADC0 /* ApplyFilterView.swift in Sources */ = {isa = PBXBuildFile; fileRef = 687EF1751B4ECA53007DADC0 /* ApplyFilterView.swift */; };
		687EF1781B4ED810007DADC0 /* FilterTableView.swift in Sources */ = {isa = PBXBuildFile; fileRef = 687EF1771B4ED810007DADC0 /* FilterTableView.swift */; };
		687EF17A1B4EE014007DADC0 /* DistanceObject.swift in Sources */ = {isa = PBXBuildFile; fileRef = 687EF1791B4EE014007DADC0 /* DistanceObject.swift */; };
		6889D7DD1B413BCA006A176D /* LoginViewController.swift in Sources */ = {isa = PBXBuildFile; fileRef = 6889D7DB1B413BCA006A176D /* LoginViewController.swift */; };
		6889D7DE1B413BCA006A176D /* LoginViewController.xib in Resources */ = {isa = PBXBuildFile; fileRef = 6889D7DC1B413BCA006A176D /* LoginViewController.xib */; };
		688E69D31B3DAFDD00030F3E /* MenuController.swift in Sources */ = {isa = PBXBuildFile; fileRef = 688E69D21B3DAFDD00030F3E /* MenuController.swift */; };
		688E69D61B3DB60C00030F3E /* BaseViewController.swift in Sources */ = {isa = PBXBuildFile; fileRef = 688E69D51B3DB60C00030F3E /* BaseViewController.swift */; };
		688E69DB1B3DC30D00030F3E /* UIColorExtension.swift in Sources */ = {isa = PBXBuildFile; fileRef = 688E69DA1B3DC30D00030F3E /* UIColorExtension.swift */; };
		688E69DE1B3DC57100030F3E /* AddItemViewController.swift in Sources */ = {isa = PBXBuildFile; fileRef = 688E69DD1B3DC57100030F3E /* AddItemViewController.swift */; };
		6898FF741B646E100053BF02 /* ArrayExtension.swift in Sources */ = {isa = PBXBuildFile; fileRef = 6898FF6D1B646E100053BF02 /* ArrayExtension.swift */; };
		6898FF751B646E100053BF02 /* StringExtension.swift in Sources */ = {isa = PBXBuildFile; fileRef = 6898FF6E1B646E100053BF02 /* StringExtension.swift */; };
		6898FF761B646E100053BF02 /* UIButtonExtension.swift in Sources */ = {isa = PBXBuildFile; fileRef = 6898FF6F1B646E100053BF02 /* UIButtonExtension.swift */; };
		6898FF771B646E100053BF02 /* UIImageExtension.swift in Sources */ = {isa = PBXBuildFile; fileRef = 6898FF701B646E100053BF02 /* UIImageExtension.swift */; };
		6898FF781B646E100053BF02 /* UITextFieldExtension.swift in Sources */ = {isa = PBXBuildFile; fileRef = 6898FF711B646E100053BF02 /* UITextFieldExtension.swift */; };
		6898FF791B646E100053BF02 /* UITextViewExtension.swift in Sources */ = {isa = PBXBuildFile; fileRef = 6898FF721B646E100053BF02 /* UITextViewExtension.swift */; };
		6898FF7A1B646E100053BF02 /* UIViewExtension.swift in Sources */ = {isa = PBXBuildFile; fileRef = 6898FF731B646E100053BF02 /* UIViewExtension.swift */; };
		68A1A7391B593A6900C8B5D2 /* ChatViewController.swift in Sources */ = {isa = PBXBuildFile; fileRef = 68A1A7371B593A6900C8B5D2 /* ChatViewController.swift */; };
		68A1A73A1B593A6900C8B5D2 /* ChatViewController.xib in Resources */ = {isa = PBXBuildFile; fileRef = 68A1A7381B593A6900C8B5D2 /* ChatViewController.xib */; };
		68A1A73F1B5941EF00C8B5D2 /* ChatAPI.swift in Sources */ = {isa = PBXBuildFile; fileRef = 68A1A73E1B5941EF00C8B5D2 /* ChatAPI.swift */; };
		68A1A7411B59448500C8B5D2 /* NSDateExtension.swift in Sources */ = {isa = PBXBuildFile; fileRef = 68A1A7401B59448500C8B5D2 /* NSDateExtension.swift */; };
		68A62ADA1B40376700B31317 /* CameraController.swift in Sources */ = {isa = PBXBuildFile; fileRef = 68A62AD81B40376700B31317 /* CameraController.swift */; };
		68A62ADB1B40376700B31317 /* CameraController.xib in Resources */ = {isa = PBXBuildFile; fileRef = 68A62AD91B40376700B31317 /* CameraController.xib */; };
		68A62AE71B4050AB00B31317 /* NotificationCell.swift in Sources */ = {isa = PBXBuildFile; fileRef = 68A62AE51B4050AB00B31317 /* NotificationCell.swift */; };
		68A62AE81B4050AB00B31317 /* NotificationCell.xib in Resources */ = {isa = PBXBuildFile; fileRef = 68A62AE61B4050AB00B31317 /* NotificationCell.xib */; };
		68A62AEC1B405AC900B31317 /* NotificationTableViewController.swift in Sources */ = {isa = PBXBuildFile; fileRef = 68A62AEB1B405AC900B31317 /* NotificationTableViewController.swift */; };
		68AF5B141B667D06009FF782 /* Message.swift in Sources */ = {isa = PBXBuildFile; fileRef = 68AF5B131B667D06009FF782 /* Message.swift */; };
		68AF5B161B667ED1009FF782 /* MessageAPI.swift in Sources */ = {isa = PBXBuildFile; fileRef = 68AF5B151B667ED1009FF782 /* MessageAPI.swift */; };
		68B2998E1B3DA9D6009720BF /* AppDelegate.swift in Sources */ = {isa = PBXBuildFile; fileRef = 68B2998D1B3DA9D6009720BF /* AppDelegate.swift */; };
		68B299901B3DA9D6009720BF /* ViewController.swift in Sources */ = {isa = PBXBuildFile; fileRef = 68B2998F1B3DA9D6009720BF /* ViewController.swift */; };
		68B299951B3DA9D6009720BF /* Images.xcassets in Resources */ = {isa = PBXBuildFile; fileRef = 68B299941B3DA9D6009720BF /* Images.xcassets */; };
		68B299981B3DA9D6009720BF /* LaunchScreen.xib in Resources */ = {isa = PBXBuildFile; fileRef = 68B299961B3DA9D6009720BF /* LaunchScreen.xib */; };
		68B299A41B3DA9D6009720BF /* _AgainTests.swift in Sources */ = {isa = PBXBuildFile; fileRef = 68B299A31B3DA9D6009720BF /* _AgainTests.swift */; };
		68BECDE01B5053010007689E /* MyCollectionViewCell.swift in Sources */ = {isa = PBXBuildFile; fileRef = 68BECDDE1B5053010007689E /* MyCollectionViewCell.swift */; };
		68BECDE11B5053010007689E /* MyCollectionViewCell.xib in Resources */ = {isa = PBXBuildFile; fileRef = 68BECDDF1B5053010007689E /* MyCollectionViewCell.xib */; };
		68CF7AD81B686FC80079AE6E /* Utilities.swift in Sources */ = {isa = PBXBuildFile; fileRef = 68CF7AD71B686FC80079AE6E /* Utilities.swift */; };
		68E292681B580DE000BDB7E2 /* FavoriteTableViewCell.swift in Sources */ = {isa = PBXBuildFile; fileRef = 68E292661B580DE000BDB7E2 /* FavoriteTableViewCell.swift */; };
		68E292691B580DE000BDB7E2 /* FavoriteTableViewCell.xib in Resources */ = {isa = PBXBuildFile; fileRef = 68E292671B580DE000BDB7E2 /* FavoriteTableViewCell.xib */; };
		68F21D3A1B3DD3F8004455EC /* PriceCell.swift in Sources */ = {isa = PBXBuildFile; fileRef = 68F21D381B3DD3F8004455EC /* PriceCell.swift */; };
		68F21D3B1B3DD3F8004455EC /* PriceCell.xib in Resources */ = {isa = PBXBuildFile; fileRef = 68F21D391B3DD3F8004455EC /* PriceCell.xib */; };
		68F21D3E1B3DD6F5004455EC /* AttributeCell.swift in Sources */ = {isa = PBXBuildFile; fileRef = 68F21D3C1B3DD6F5004455EC /* AttributeCell.swift */; };
		68F21D3F1B3DD6F5004455EC /* AttributeCell.xib in Resources */ = {isa = PBXBuildFile; fileRef = 68F21D3D1B3DD6F5004455EC /* AttributeCell.xib */; };
		68F545301B5A125F00826677 /* UserAPI.swift in Sources */ = {isa = PBXBuildFile; fileRef = 68F5452F1B5A125F00826677 /* UserAPI.swift */; };
/* End PBXBuildFile section */

/* Begin PBXContainerItemProxy section */
		68B2999E1B3DA9D6009720BF /* PBXContainerItemProxy */ = {
			isa = PBXContainerItemProxy;
			containerPortal = 68B299801B3DA9D6009720BF /* Project object */;
			proxyType = 1;
			remoteGlobalIDString = 68B299871B3DA9D6009720BF;
			remoteInfo = 1Again;
		};
/* End PBXContainerItemProxy section */

/* Begin PBXFileReference section */
		2DA38033A5447858D3106822 /* libPods.a */ = {isa = PBXFileReference; explicitFileType = archive.ar; includeInIndex = 0; path = libPods.a; sourceTree = BUILT_PRODUCTS_DIR; };
		4B98E468CE1E1CBAC22FB926 /* Pods.debug.xcconfig */ = {isa = PBXFileReference; includeInIndex = 1; lastKnownFileType = text.xcconfig; name = Pods.debug.xcconfig; path = "Pods/Target Support Files/Pods/Pods.debug.xcconfig"; sourceTree = "<group>"; };
		68081E8D1B43C8C300F93CFE /* AboutViewController.swift */ = {isa = PBXFileReference; fileEncoding = 4; lastKnownFileType = sourcecode.swift; path = AboutViewController.swift; sourceTree = "<group>"; };
		68120FFE1B3E53B900C2AB49 /* NSNotificationCenterExtension.swift */ = {isa = PBXFileReference; fileEncoding = 4; lastKnownFileType = sourcecode.swift; path = NSNotificationCenterExtension.swift; sourceTree = "<group>"; };
		681210021B3E599200C2AB49 /* CategoryObject.swift */ = {isa = PBXFileReference; fileEncoding = 4; lastKnownFileType = sourcecode.swift; name = CategoryObject.swift; path = ../CategoryObject.swift; sourceTree = "<group>"; };
		681210061B3E5AEB00C2AB49 /* ConditionObject.swift */ = {isa = PBXFileReference; fileEncoding = 4; lastKnownFileType = sourcecode.swift; name = ConditionObject.swift; path = ../ConditionObject.swift; sourceTree = "<group>"; };
		681210081B3E5B7C00C2AB49 /* AgeObject.swift */ = {isa = PBXFileReference; fileEncoding = 4; lastKnownFileType = sourcecode.swift; name = AgeObject.swift; path = ../AgeObject.swift; sourceTree = "<group>"; };
		6812100C1B3E5C1200C2AB49 /* CategoryManager.swift */ = {isa = PBXFileReference; fileEncoding = 4; lastKnownFileType = sourcecode.swift; name = CategoryManager.swift; path = ../CategoryManager.swift; sourceTree = "<group>"; };
		68164A9B1B46DC7000346F16 /* AdsViewViewController.swift */ = {isa = PBXFileReference; fileEncoding = 4; lastKnownFileType = sourcecode.swift; path = AdsViewViewController.swift; sourceTree = "<group>"; };
		68164A9C1B46DC7000346F16 /* AdsViewViewController.xib */ = {isa = PBXFileReference; fileEncoding = 4; lastKnownFileType = file.xib; path = AdsViewViewController.xib; sourceTree = "<group>"; };
		68164A9F1B46E2F700346F16 /* CommentObject.swift */ = {isa = PBXFileReference; fileEncoding = 4; lastKnownFileType = sourcecode.swift; name = CommentObject.swift; path = ../CommentObject.swift; sourceTree = "<group>"; };
		68181F7F1B57F3D1002FC002 /* NotificationAPI.swift */ = {isa = PBXFileReference; fileEncoding = 4; lastKnownFileType = sourcecode.swift; path = NotificationAPI.swift; sourceTree = "<group>"; };
		68181F811B57F492002FC002 /* CommentAPI.swift */ = {isa = PBXFileReference; fileEncoding = 4; lastKnownFileType = sourcecode.swift; path = CommentAPI.swift; sourceTree = "<group>"; };
		68181F821B57F492002FC002 /* FavoriteAPI.swift */ = {isa = PBXFileReference; fileEncoding = 4; lastKnownFileType = sourcecode.swift; path = FavoriteAPI.swift; sourceTree = "<group>"; };
		68181F831B57F492002FC002 /* ItemAPI.swift */ = {isa = PBXFileReference; fileEncoding = 4; lastKnownFileType = sourcecode.swift; path = ItemAPI.swift; sourceTree = "<group>"; };
		68181F871B57F4B2002FC002 /* DataManager.swift */ = {isa = PBXFileReference; fileEncoding = 4; lastKnownFileType = sourcecode.swift; path = DataManager.swift; sourceTree = "<group>"; };
		682EACD01B45968D007F67FB /* ShopLocalDetailViewController.swift */ = {isa = PBXFileReference; fileEncoding = 4; lastKnownFileType = sourcecode.swift; path = ShopLocalDetailViewController.swift; sourceTree = "<group>"; };
		682EACD11B45968D007F67FB /* ShopLocalDetailViewController.xib */ = {isa = PBXFileReference; fileEncoding = 4; lastKnownFileType = file.xib; path = ShopLocalDetailViewController.xib; sourceTree = "<group>"; };
		682EACD51B459707007F67FB /* ShopLocalFirstCell.swift */ = {isa = PBXFileReference; fileEncoding = 4; lastKnownFileType = sourcecode.swift; path = ShopLocalFirstCell.swift; sourceTree = "<group>"; };
		682EACD61B459707007F67FB /* ShopLocalFirstCell.xib */ = {isa = PBXFileReference; fileEncoding = 4; lastKnownFileType = file.xib; path = ShopLocalFirstCell.xib; sourceTree = "<group>"; };
		682EACD91B459C15007F67FB /* ShopLocalSecondCell.swift */ = {isa = PBXFileReference; fileEncoding = 4; lastKnownFileType = sourcecode.swift; path = ShopLocalSecondCell.swift; sourceTree = "<group>"; };
		682EACDA1B459C15007F67FB /* ShopLocalSecondCell.xib */ = {isa = PBXFileReference; fileEncoding = 4; lastKnownFileType = file.xib; path = ShopLocalSecondCell.xib; sourceTree = "<group>"; };
		682EACDD1B459D2B007F67FB /* ShopLocalThirdCell.swift */ = {isa = PBXFileReference; fileEncoding = 4; lastKnownFileType = sourcecode.swift; path = ShopLocalThirdCell.swift; sourceTree = "<group>"; };
		682EACDE1B459D2B007F67FB /* ShopLocalThirdCell.xib */ = {isa = PBXFileReference; fileEncoding = 4; lastKnownFileType = file.xib; path = ShopLocalThirdCell.xib; sourceTree = "<group>"; };
		682EACE11B459E98007F67FB /* CommentCell.swift */ = {isa = PBXFileReference; fileEncoding = 4; lastKnownFileType = sourcecode.swift; path = CommentCell.swift; sourceTree = "<group>"; };
		682EACE21B459E98007F67FB /* CommentCell.xib */ = {isa = PBXFileReference; fileEncoding = 4; lastKnownFileType = file.xib; path = CommentCell.xib; sourceTree = "<group>"; };
		682EACE51B459F4D007F67FB /* AddNewCommentCell.swift */ = {isa = PBXFileReference; fileEncoding = 4; lastKnownFileType = sourcecode.swift; path = AddNewCommentCell.swift; sourceTree = "<group>"; };
		682EACE61B459F4D007F67FB /* AddNewCommentCell.xib */ = {isa = PBXFileReference; fileEncoding = 4; lastKnownFileType = file.xib; path = AddNewCommentCell.xib; sourceTree = "<group>"; };
		6834C69E1B3DCDB900F7912B /* AddPhotoCell.swift */ = {isa = PBXFileReference; fileEncoding = 4; lastKnownFileType = sourcecode.swift; path = AddPhotoCell.swift; sourceTree = "<group>"; };
		6834C69F1B3DCDB900F7912B /* AddPhotoCell.xib */ = {isa = PBXFileReference; fileEncoding = 4; lastKnownFileType = file.xib; path = AddPhotoCell.xib; sourceTree = "<group>"; };
		683500BC1B577FD2004B052C /* NotificationDetailFirstCell.swift */ = {isa = PBXFileReference; fileEncoding = 4; lastKnownFileType = sourcecode.swift; path = NotificationDetailFirstCell.swift; sourceTree = "<group>"; };
		683500BD1B577FD2004B052C /* NotificationDetailFirstCell.xib */ = {isa = PBXFileReference; fileEncoding = 4; lastKnownFileType = file.xib; path = NotificationDetailFirstCell.xib; sourceTree = "<group>"; };
		683500C01B577FEB004B052C /* NotificationDetailMessageCell.swift */ = {isa = PBXFileReference; fileEncoding = 4; lastKnownFileType = sourcecode.swift; path = NotificationDetailMessageCell.swift; sourceTree = "<group>"; };
		683500C11B577FEB004B052C /* NotificationDetailMessageCell.xib */ = {isa = PBXFileReference; fileEncoding = 4; lastKnownFileType = file.xib; path = NotificationDetailMessageCell.xib; sourceTree = "<group>"; };
		683500C41B578093004B052C /* NotificationDetailDescriptionCell.swift */ = {isa = PBXFileReference; fileEncoding = 4; lastKnownFileType = sourcecode.swift; path = NotificationDetailDescriptionCell.swift; sourceTree = "<group>"; };
		683500C51B578093004B052C /* NotificationDetailDescriptionCell.xib */ = {isa = PBXFileReference; fileEncoding = 4; lastKnownFileType = file.xib; path = NotificationDetailDescriptionCell.xib; sourceTree = "<group>"; };
		683500C81B5780E7004B052C /* NotificationDetailLastCell.swift */ = {isa = PBXFileReference; fileEncoding = 4; lastKnownFileType = sourcecode.swift; path = NotificationDetailLastCell.swift; sourceTree = "<group>"; };
		683500C91B5780E7004B052C /* NotificationDetailLastCell.xib */ = {isa = PBXFileReference; fileEncoding = 4; lastKnownFileType = file.xib; path = NotificationDetailLastCell.xib; sourceTree = "<group>"; };
		683D95C71B3E5EB30013B485 /* Constant.swift */ = {isa = PBXFileReference; fileEncoding = 4; lastKnownFileType = sourcecode.swift; name = Constant.swift; path = ../Constant.swift; sourceTree = "<group>"; };
		684BE9AD1B42E5BA00F1D6E9 /* ItemListViewController.swift */ = {isa = PBXFileReference; fileEncoding = 4; lastKnownFileType = sourcecode.swift; path = ItemListViewController.swift; sourceTree = "<group>"; };
		684BE9B01B42E66F00F1D6E9 /* ItemListCell.swift */ = {isa = PBXFileReference; fileEncoding = 4; lastKnownFileType = sourcecode.swift; path = ItemListCell.swift; sourceTree = "<group>"; };
		684BE9B11B42E66F00F1D6E9 /* ItemListCell.xib */ = {isa = PBXFileReference; fileEncoding = 4; lastKnownFileType = file.xib; path = ItemListCell.xib; sourceTree = "<group>"; };
		684BE9B51B43063F00F1D6E9 /* ItemDetailController.swift */ = {isa = PBXFileReference; fileEncoding = 4; lastKnownFileType = sourcecode.swift; path = ItemDetailController.swift; sourceTree = "<group>"; };
		684BE9B61B43063F00F1D6E9 /* ItemDetailController.xib */ = {isa = PBXFileReference; fileEncoding = 4; lastKnownFileType = file.xib; path = ItemDetailController.xib; sourceTree = "<group>"; };
		684BE9B91B43080000F1D6E9 /* ClickImage.h */ = {isa = PBXFileReference; fileEncoding = 4; lastKnownFileType = sourcecode.c.h; path = ClickImage.h; sourceTree = "<group>"; };
		684BE9BA1B43080000F1D6E9 /* ClickImage.m */ = {isa = PBXFileReference; fileEncoding = 4; lastKnownFileType = sourcecode.c.objc; path = ClickImage.m; sourceTree = "<group>"; };
		684BE9BD1B4313B300F1D6E9 /* MessageTableViewController.swift */ = {isa = PBXFileReference; fileEncoding = 4; lastKnownFileType = sourcecode.swift; path = MessageTableViewController.swift; sourceTree = "<group>"; };
		684BE9C01B43146200F1D6E9 /* MessageCell.swift */ = {isa = PBXFileReference; fileEncoding = 4; lastKnownFileType = sourcecode.swift; path = MessageCell.swift; sourceTree = "<group>"; };
		684BE9C11B43146200F1D6E9 /* MessageCell.xib */ = {isa = PBXFileReference; fileEncoding = 4; lastKnownFileType = file.xib; path = MessageCell.xib; sourceTree = "<group>"; };
		684BE9C71B431C0200F1D6E9 /* ShopLocalViewController.swift */ = {isa = PBXFileReference; fileEncoding = 4; lastKnownFileType = sourcecode.swift; path = ShopLocalViewController.swift; sourceTree = "<group>"; };
		684BE9CA1B431C8B00F1D6E9 /* ShopLocalCollectionCell.swift */ = {isa = PBXFileReference; fileEncoding = 4; lastKnownFileType = sourcecode.swift; path = ShopLocalCollectionCell.swift; sourceTree = "<group>"; };
		684BE9CB1B431C8B00F1D6E9 /* ShopLocalCollectionCell.xib */ = {isa = PBXFileReference; fileEncoding = 4; lastKnownFileType = file.xib; path = ShopLocalCollectionCell.xib; sourceTree = "<group>"; };
		686ABAEC1B3E704A00AC80E0 /* MyCustomImage.swift */ = {isa = PBXFileReference; fileEncoding = 4; lastKnownFileType = sourcecode.swift; path = MyCustomImage.swift; sourceTree = "<group>"; };
		686ABAF01B3E85CC00AC80E0 /* ELCAlbumPickerController.h */ = {isa = PBXFileReference; fileEncoding = 4; lastKnownFileType = sourcecode.c.h; path = ELCAlbumPickerController.h; sourceTree = "<group>"; };
		686ABAF11B3E85CC00AC80E0 /* ELCAlbumPickerController.m */ = {isa = PBXFileReference; fileEncoding = 4; lastKnownFileType = sourcecode.c.objc; path = ELCAlbumPickerController.m; sourceTree = "<group>"; };
		686ABAF21B3E85CC00AC80E0 /* ELCAsset.h */ = {isa = PBXFileReference; fileEncoding = 4; lastKnownFileType = sourcecode.c.h; path = ELCAsset.h; sourceTree = "<group>"; };
		686ABAF31B3E85CC00AC80E0 /* ELCAsset.m */ = {isa = PBXFileReference; fileEncoding = 4; lastKnownFileType = sourcecode.c.objc; path = ELCAsset.m; sourceTree = "<group>"; };
		686ABAF41B3E85CC00AC80E0 /* ELCAssetCell.h */ = {isa = PBXFileReference; fileEncoding = 4; lastKnownFileType = sourcecode.c.h; path = ELCAssetCell.h; sourceTree = "<group>"; };
		686ABAF51B3E85CC00AC80E0 /* ELCAssetCell.m */ = {isa = PBXFileReference; fileEncoding = 4; lastKnownFileType = sourcecode.c.objc; path = ELCAssetCell.m; sourceTree = "<group>"; };
		686ABAF61B3E85CC00AC80E0 /* ELCAssetPickerFilterDelegate.h */ = {isa = PBXFileReference; fileEncoding = 4; lastKnownFileType = sourcecode.c.h; path = ELCAssetPickerFilterDelegate.h; sourceTree = "<group>"; };
		686ABAF71B3E85CC00AC80E0 /* ELCAssetSelectionDelegate.h */ = {isa = PBXFileReference; fileEncoding = 4; lastKnownFileType = sourcecode.c.h; path = ELCAssetSelectionDelegate.h; sourceTree = "<group>"; };
		686ABAF81B3E85CC00AC80E0 /* ELCAssetTablePicker.h */ = {isa = PBXFileReference; fileEncoding = 4; lastKnownFileType = sourcecode.c.h; path = ELCAssetTablePicker.h; sourceTree = "<group>"; };
		686ABAF91B3E85CC00AC80E0 /* ELCAssetTablePicker.m */ = {isa = PBXFileReference; fileEncoding = 4; lastKnownFileType = sourcecode.c.objc; path = ELCAssetTablePicker.m; sourceTree = "<group>"; };
		686ABAFA1B3E85CC00AC80E0 /* ELCConsole.h */ = {isa = PBXFileReference; fileEncoding = 4; lastKnownFileType = sourcecode.c.h; path = ELCConsole.h; sourceTree = "<group>"; };
		686ABAFB1B3E85CC00AC80E0 /* ELCConsole.m */ = {isa = PBXFileReference; fileEncoding = 4; lastKnownFileType = sourcecode.c.objc; path = ELCConsole.m; sourceTree = "<group>"; };
		686ABAFC1B3E85CC00AC80E0 /* ELCImagePickerController.h */ = {isa = PBXFileReference; fileEncoding = 4; lastKnownFileType = sourcecode.c.h; path = ELCImagePickerController.h; sourceTree = "<group>"; };
		686ABAFD1B3E85CC00AC80E0 /* ELCImagePickerController.m */ = {isa = PBXFileReference; fileEncoding = 4; lastKnownFileType = sourcecode.c.objc; path = ELCImagePickerController.m; sourceTree = "<group>"; };
		686ABAFE1B3E85CC00AC80E0 /* ELCImagePickerHeader.h */ = {isa = PBXFileReference; fileEncoding = 4; lastKnownFileType = sourcecode.c.h; path = ELCImagePickerHeader.h; sourceTree = "<group>"; };
		686ABAFF1B3E85CC00AC80E0 /* ELCOverlayImageView.h */ = {isa = PBXFileReference; fileEncoding = 4; lastKnownFileType = sourcecode.c.h; path = ELCOverlayImageView.h; sourceTree = "<group>"; };
		686ABB001B3E85CC00AC80E0 /* ELCOverlayImageView.m */ = {isa = PBXFileReference; fileEncoding = 4; lastKnownFileType = sourcecode.c.objc; path = ELCOverlayImageView.m; sourceTree = "<group>"; };
		686ABB091B3E9CB500AC80E0 /* ItemInfoController.swift */ = {isa = PBXFileReference; fileEncoding = 4; lastKnownFileType = sourcecode.swift; path = ItemInfoController.swift; sourceTree = "<group>"; };
		686ABB0A1B3E9CB500AC80E0 /* ItemInfoController.xib */ = {isa = PBXFileReference; fileEncoding = 4; lastKnownFileType = file.xib; path = ItemInfoController.xib; sourceTree = "<group>"; };
		686ABB0D1B3E9D2300AC80E0 /* BaseSubViewController.swift */ = {isa = PBXFileReference; fileEncoding = 4; lastKnownFileType = sourcecode.swift; path = BaseSubViewController.swift; sourceTree = "<group>"; };
		686E523F1B5A35550047D2F6 /* User.swift */ = {isa = PBXFileReference; fileEncoding = 4; lastKnownFileType = sourcecode.swift; path = User.swift; sourceTree = "<group>"; };
		686E52411B5A38710047D2F6 /* Item.swift */ = {isa = PBXFileReference; fileEncoding = 4; lastKnownFileType = sourcecode.swift; path = Item.swift; sourceTree = "<group>"; };
		686E52431B5A39A90047D2F6 /* Category.swift */ = {isa = PBXFileReference; fileEncoding = 4; lastKnownFileType = sourcecode.swift; path = Category.swift; sourceTree = "<group>"; };
		686E52451B5A39F50047D2F6 /* Condition.swift */ = {isa = PBXFileReference; fileEncoding = 4; lastKnownFileType = sourcecode.swift; path = Condition.swift; sourceTree = "<group>"; };
		686E52471B5A3A210047D2F6 /* Age.swift */ = {isa = PBXFileReference; fileEncoding = 4; lastKnownFileType = sourcecode.swift; path = Age.swift; sourceTree = "<group>"; };
		686E52491B5A3A580047D2F6 /* Notification.swift */ = {isa = PBXFileReference; fileEncoding = 4; lastKnownFileType = sourcecode.swift; path = Notification.swift; sourceTree = "<group>"; };
		686ECCBA1B416333001A861B /* SignUpViewController.swift */ = {isa = PBXFileReference; fileEncoding = 4; lastKnownFileType = sourcecode.swift; path = SignUpViewController.swift; sourceTree = "<group>"; };
		686ECCBB1B416333001A861B /* SignUpViewController.xib */ = {isa = PBXFileReference; fileEncoding = 4; lastKnownFileType = file.xib; path = SignUpViewController.xib; sourceTree = "<group>"; };
		68707CE31B4233E300F99445 /* ProfileViewController.swift */ = {isa = PBXFileReference; fileEncoding = 4; lastKnownFileType = sourcecode.swift; path = ProfileViewController.swift; sourceTree = "<group>"; };
		68707CE61B428BD500F99445 /* FavoriteViewController.swift */ = {isa = PBXFileReference; fileEncoding = 4; lastKnownFileType = sourcecode.swift; path = FavoriteViewController.swift; sourceTree = "<group>"; };
		68707CE91B4290CD00F99445 /* NotificationDetailViewController.swift */ = {isa = PBXFileReference; fileEncoding = 4; lastKnownFileType = sourcecode.swift; path = NotificationDetailViewController.swift; sourceTree = "<group>"; };
		68707CEA1B4290CD00F99445 /* NotificationDetailViewController.xib */ = {isa = PBXFileReference; fileEncoding = 4; lastKnownFileType = file.xib; path = NotificationDetailViewController.xib; sourceTree = "<group>"; };
		6879D8D01B3E346400F89BAF /* SecondPriceCell.swift */ = {isa = PBXFileReference; fileEncoding = 4; lastKnownFileType = sourcecode.swift; path = SecondPriceCell.swift; sourceTree = "<group>"; };
		6879D8D11B3E346400F89BAF /* SecondPriceCell.xib */ = {isa = PBXFileReference; fileEncoding = 4; lastKnownFileType = file.xib; path = SecondPriceCell.xib; sourceTree = "<group>"; };
		6879D8D41B3E370E00F89BAF /* ItemDescriptionCell.swift */ = {isa = PBXFileReference; fileEncoding = 4; lastKnownFileType = sourcecode.swift; path = ItemDescriptionCell.swift; sourceTree = "<group>"; };
		6879D8D51B3E370E00F89BAF /* ItemDescriptionCell.xib */ = {isa = PBXFileReference; fileEncoding = 4; lastKnownFileType = file.xib; path = ItemDescriptionCell.xib; sourceTree = "<group>"; };
		6879D8D81B3E37A900F89BAF /* MyCustomTextField.swift */ = {isa = PBXFileReference; fileEncoding = 4; lastKnownFileType = sourcecode.swift; path = MyCustomTextField.swift; sourceTree = "<group>"; };
		687EF1731B4EC980007DADC0 /* FilterView.swift */ = {isa = PBXFileReference; fileEncoding = 4; lastKnownFileType = sourcecode.swift; path = FilterView.swift; sourceTree = "<group>"; };
		687EF1751B4ECA53007DADC0 /* ApplyFilterView.swift */ = {isa = PBXFileReference; fileEncoding = 4; lastKnownFileType = sourcecode.swift; path = ApplyFilterView.swift; sourceTree = "<group>"; };
		687EF1771B4ED810007DADC0 /* FilterTableView.swift */ = {isa = PBXFileReference; fileEncoding = 4; lastKnownFileType = sourcecode.swift; path = FilterTableView.swift; sourceTree = "<group>"; };
		687EF1791B4EE014007DADC0 /* DistanceObject.swift */ = {isa = PBXFileReference; fileEncoding = 4; lastKnownFileType = sourcecode.swift; name = DistanceObject.swift; path = ../DistanceObject.swift; sourceTree = "<group>"; };
		6889D7DB1B413BCA006A176D /* LoginViewController.swift */ = {isa = PBXFileReference; fileEncoding = 4; lastKnownFileType = sourcecode.swift; path = LoginViewController.swift; sourceTree = "<group>"; };
		6889D7DC1B413BCA006A176D /* LoginViewController.xib */ = {isa = PBXFileReference; fileEncoding = 4; lastKnownFileType = file.xib; path = LoginViewController.xib; sourceTree = "<group>"; };
		688E69D21B3DAFDD00030F3E /* MenuController.swift */ = {isa = PBXFileReference; fileEncoding = 4; lastKnownFileType = sourcecode.swift; path = MenuController.swift; sourceTree = "<group>"; };
		688E69D51B3DB60C00030F3E /* BaseViewController.swift */ = {isa = PBXFileReference; fileEncoding = 4; lastKnownFileType = sourcecode.swift; path = BaseViewController.swift; sourceTree = "<group>"; };
		688E69DA1B3DC30D00030F3E /* UIColorExtension.swift */ = {isa = PBXFileReference; fileEncoding = 4; lastKnownFileType = sourcecode.swift; path = UIColorExtension.swift; sourceTree = "<group>"; };
		688E69DD1B3DC57100030F3E /* AddItemViewController.swift */ = {isa = PBXFileReference; fileEncoding = 4; lastKnownFileType = sourcecode.swift; path = AddItemViewController.swift; sourceTree = "<group>"; };
		6898FF6D1B646E100053BF02 /* ArrayExtension.swift */ = {isa = PBXFileReference; fileEncoding = 4; lastKnownFileType = sourcecode.swift; path = ArrayExtension.swift; sourceTree = "<group>"; };
		6898FF6E1B646E100053BF02 /* StringExtension.swift */ = {isa = PBXFileReference; fileEncoding = 4; lastKnownFileType = sourcecode.swift; path = StringExtension.swift; sourceTree = "<group>"; };
		6898FF6F1B646E100053BF02 /* UIButtonExtension.swift */ = {isa = PBXFileReference; fileEncoding = 4; lastKnownFileType = sourcecode.swift; path = UIButtonExtension.swift; sourceTree = "<group>"; };
		6898FF701B646E100053BF02 /* UIImageExtension.swift */ = {isa = PBXFileReference; fileEncoding = 4; lastKnownFileType = sourcecode.swift; path = UIImageExtension.swift; sourceTree = "<group>"; };
		6898FF711B646E100053BF02 /* UITextFieldExtension.swift */ = {isa = PBXFileReference; fileEncoding = 4; lastKnownFileType = sourcecode.swift; path = UITextFieldExtension.swift; sourceTree = "<group>"; };
		6898FF721B646E100053BF02 /* UITextViewExtension.swift */ = {isa = PBXFileReference; fileEncoding = 4; lastKnownFileType = sourcecode.swift; path = UITextViewExtension.swift; sourceTree = "<group>"; };
		6898FF731B646E100053BF02 /* UIViewExtension.swift */ = {isa = PBXFileReference; fileEncoding = 4; lastKnownFileType = sourcecode.swift; path = UIViewExtension.swift; sourceTree = "<group>"; };
		68A1A7371B593A6900C8B5D2 /* ChatViewController.swift */ = {isa = PBXFileReference; fileEncoding = 4; lastKnownFileType = sourcecode.swift; path = ChatViewController.swift; sourceTree = "<group>"; };
		68A1A7381B593A6900C8B5D2 /* ChatViewController.xib */ = {isa = PBXFileReference; fileEncoding = 4; lastKnownFileType = file.xib; path = ChatViewController.xib; sourceTree = "<group>"; };
		68A1A73E1B5941EF00C8B5D2 /* ChatAPI.swift */ = {isa = PBXFileReference; fileEncoding = 4; lastKnownFileType = sourcecode.swift; path = ChatAPI.swift; sourceTree = "<group>"; };
		68A1A7401B59448500C8B5D2 /* NSDateExtension.swift */ = {isa = PBXFileReference; fileEncoding = 4; lastKnownFileType = sourcecode.swift; path = NSDateExtension.swift; sourceTree = "<group>"; };
		68A62AD81B40376700B31317 /* CameraController.swift */ = {isa = PBXFileReference; fileEncoding = 4; lastKnownFileType = sourcecode.swift; path = CameraController.swift; sourceTree = "<group>"; };
		68A62AD91B40376700B31317 /* CameraController.xib */ = {isa = PBXFileReference; fileEncoding = 4; lastKnownFileType = file.xib; path = CameraController.xib; sourceTree = "<group>"; };
		68A62AE51B4050AB00B31317 /* NotificationCell.swift */ = {isa = PBXFileReference; fileEncoding = 4; lastKnownFileType = sourcecode.swift; path = NotificationCell.swift; sourceTree = "<group>"; };
		68A62AE61B4050AB00B31317 /* NotificationCell.xib */ = {isa = PBXFileReference; fileEncoding = 4; lastKnownFileType = file.xib; path = NotificationCell.xib; sourceTree = "<group>"; };
		68A62AEB1B405AC900B31317 /* NotificationTableViewController.swift */ = {isa = PBXFileReference; fileEncoding = 4; lastKnownFileType = sourcecode.swift; path = NotificationTableViewController.swift; sourceTree = "<group>"; };
		68AF5B131B667D06009FF782 /* Message.swift */ = {isa = PBXFileReference; fileEncoding = 4; lastKnownFileType = sourcecode.swift; path = Message.swift; sourceTree = "<group>"; };
		68AF5B151B667ED1009FF782 /* MessageAPI.swift */ = {isa = PBXFileReference; fileEncoding = 4; lastKnownFileType = sourcecode.swift; path = MessageAPI.swift; sourceTree = "<group>"; };
		68B299881B3DA9D6009720BF /* 1Again.app */ = {isa = PBXFileReference; explicitFileType = wrapper.application; includeInIndex = 0; path = 1Again.app; sourceTree = BUILT_PRODUCTS_DIR; };
		68B2998C1B3DA9D6009720BF /* Info.plist */ = {isa = PBXFileReference; lastKnownFileType = text.plist.xml; path = Info.plist; sourceTree = "<group>"; };
		68B2998D1B3DA9D6009720BF /* AppDelegate.swift */ = {isa = PBXFileReference; lastKnownFileType = sourcecode.swift; path = AppDelegate.swift; sourceTree = "<group>"; };
		68B2998F1B3DA9D6009720BF /* ViewController.swift */ = {isa = PBXFileReference; lastKnownFileType = sourcecode.swift; name = ViewController.swift; path = ../../ViewController.swift; sourceTree = "<group>"; };
		68B299921B3DA9D6009720BF /* Base */ = {isa = PBXFileReference; lastKnownFileType = file.storyboard; name = Base; path = Base.lproj/Main.storyboard; sourceTree = "<group>"; };
		68B299941B3DA9D6009720BF /* Images.xcassets */ = {isa = PBXFileReference; lastKnownFileType = folder.assetcatalog; path = Images.xcassets; sourceTree = "<group>"; };
		68B299971B3DA9D6009720BF /* Base */ = {isa = PBXFileReference; lastKnownFileType = file.xib; name = Base; path = Base.lproj/LaunchScreen.xib; sourceTree = "<group>"; };
		68B2999D1B3DA9D6009720BF /* 1AgainTests.xctest */ = {isa = PBXFileReference; explicitFileType = wrapper.cfbundle; includeInIndex = 0; path = 1AgainTests.xctest; sourceTree = BUILT_PRODUCTS_DIR; };
		68B299A21B3DA9D6009720BF /* Info.plist */ = {isa = PBXFileReference; lastKnownFileType = text.plist.xml; path = Info.plist; sourceTree = "<group>"; };
		68B299A31B3DA9D6009720BF /* _AgainTests.swift */ = {isa = PBXFileReference; lastKnownFileType = sourcecode.swift; path = _AgainTests.swift; sourceTree = "<group>"; };
		68BECDDE1B5053010007689E /* MyCollectionViewCell.swift */ = {isa = PBXFileReference; fileEncoding = 4; lastKnownFileType = sourcecode.swift; path = MyCollectionViewCell.swift; sourceTree = "<group>"; };
		68BECDDF1B5053010007689E /* MyCollectionViewCell.xib */ = {isa = PBXFileReference; fileEncoding = 4; lastKnownFileType = file.xib; path = MyCollectionViewCell.xib; sourceTree = "<group>"; };
		68C6C89C1B3DAE470075AA2F /* 1Again-Bridging-Header.h */ = {isa = PBXFileReference; lastKnownFileType = sourcecode.c.h; path = "1Again-Bridging-Header.h"; sourceTree = "<group>"; };
		68CF7AD71B686FC80079AE6E /* Utilities.swift */ = {isa = PBXFileReference; fileEncoding = 4; lastKnownFileType = sourcecode.swift; path = Utilities.swift; sourceTree = "<group>"; };
		68E292661B580DE000BDB7E2 /* FavoriteTableViewCell.swift */ = {isa = PBXFileReference; fileEncoding = 4; lastKnownFileType = sourcecode.swift; path = FavoriteTableViewCell.swift; sourceTree = "<group>"; };
		68E292671B580DE000BDB7E2 /* FavoriteTableViewCell.xib */ = {isa = PBXFileReference; fileEncoding = 4; lastKnownFileType = file.xib; path = FavoriteTableViewCell.xib; sourceTree = "<group>"; };
		68F21D381B3DD3F8004455EC /* PriceCell.swift */ = {isa = PBXFileReference; fileEncoding = 4; lastKnownFileType = sourcecode.swift; path = PriceCell.swift; sourceTree = "<group>"; };
		68F21D391B3DD3F8004455EC /* PriceCell.xib */ = {isa = PBXFileReference; fileEncoding = 4; lastKnownFileType = file.xib; path = PriceCell.xib; sourceTree = "<group>"; };
		68F21D3C1B3DD6F5004455EC /* AttributeCell.swift */ = {isa = PBXFileReference; fileEncoding = 4; lastKnownFileType = sourcecode.swift; path = AttributeCell.swift; sourceTree = "<group>"; };
		68F21D3D1B3DD6F5004455EC /* AttributeCell.xib */ = {isa = PBXFileReference; fileEncoding = 4; lastKnownFileType = file.xib; path = AttributeCell.xib; sourceTree = "<group>"; };
		68F5452F1B5A125F00826677 /* UserAPI.swift */ = {isa = PBXFileReference; fileEncoding = 4; lastKnownFileType = sourcecode.swift; path = UserAPI.swift; sourceTree = "<group>"; };
		8D7893BE7E344CC5C9B9D55D /* Pods.release.xcconfig */ = {isa = PBXFileReference; includeInIndex = 1; lastKnownFileType = text.xcconfig; name = Pods.release.xcconfig; path = "Pods/Target Support Files/Pods/Pods.release.xcconfig"; sourceTree = "<group>"; };
/* End PBXFileReference section */

/* Begin PBXFrameworksBuildPhase section */
		68B299851B3DA9D6009720BF /* Frameworks */ = {
			isa = PBXFrameworksBuildPhase;
			buildActionMask = 2147483647;
			files = (
				2A633FBAA283CCDA6A1EF60C /* libPods.a in Frameworks */,
			);
			runOnlyForDeploymentPostprocessing = 0;
		};
		68B2999A1B3DA9D6009720BF /* Frameworks */ = {
			isa = PBXFrameworksBuildPhase;
			buildActionMask = 2147483647;
			files = (
			);
			runOnlyForDeploymentPostprocessing = 0;
		};
/* End PBXFrameworksBuildPhase section */

/* Begin PBXGroup section */
		68081E8C1B43C8AC00F93CFE /* About Controller */ = {
			isa = PBXGroup;
			children = (
				68081E8D1B43C8C300F93CFE /* AboutViewController.swift */,
			);
			path = "About Controller";
			sourceTree = "<group>";
		};
		68164A9A1B46DC5D00346F16 /* Ads View */ = {
			isa = PBXGroup;
			children = (
				68164A9B1B46DC7000346F16 /* AdsViewViewController.swift */,
				68164A9C1B46DC7000346F16 /* AdsViewViewController.xib */,
			);
			path = "Ads View";
			sourceTree = "<group>";
		};
		68181F7E1B57F3BA002FC002 /* API */ = {
			isa = PBXGroup;
			children = (
				683D95C71B3E5EB30013B485 /* Constant.swift */,
				68181F811B57F492002FC002 /* CommentAPI.swift */,
				68181F821B57F492002FC002 /* FavoriteAPI.swift */,
				68181F831B57F492002FC002 /* ItemAPI.swift */,
				68181F7F1B57F3D1002FC002 /* NotificationAPI.swift */,
				68181F871B57F4B2002FC002 /* DataManager.swift */,
				68A1A73E1B5941EF00C8B5D2 /* ChatAPI.swift */,
				68F5452F1B5A125F00826677 /* UserAPI.swift */,
				68AF5B151B667ED1009FF782 /* MessageAPI.swift */,
				687EF1791B4EE014007DADC0 /* DistanceObject.swift */,
				681210021B3E599200C2AB49 /* CategoryObject.swift */,
				681210061B3E5AEB00C2AB49 /* ConditionObject.swift */,
				6812100C1B3E5C1200C2AB49 /* CategoryManager.swift */,
				681210081B3E5B7C00C2AB49 /* AgeObject.swift */,
			);
			path = API;
			sourceTree = "<group>";
		};
		682EACCF1B459612007F67FB /* Item Detail */ = {
			isa = PBXGroup;
			children = (
				682EACD41B4596DA007F67FB /* Cell */,
				682EACD01B45968D007F67FB /* ShopLocalDetailViewController.swift */,
				682EACD11B45968D007F67FB /* ShopLocalDetailViewController.xib */,
			);
			path = "Item Detail";
			sourceTree = "<group>";
		};
		682EACD41B4596DA007F67FB /* Cell */ = {
			isa = PBXGroup;
			children = (
				682EACD51B459707007F67FB /* ShopLocalFirstCell.swift */,
				682EACD61B459707007F67FB /* ShopLocalFirstCell.xib */,
				682EACD91B459C15007F67FB /* ShopLocalSecondCell.swift */,
				682EACDA1B459C15007F67FB /* ShopLocalSecondCell.xib */,
				682EACDD1B459D2B007F67FB /* ShopLocalThirdCell.swift */,
				682EACDE1B459D2B007F67FB /* ShopLocalThirdCell.xib */,
				682EACE11B459E98007F67FB /* CommentCell.swift */,
				682EACE21B459E98007F67FB /* CommentCell.xib */,
				682EACE51B459F4D007F67FB /* AddNewCommentCell.swift */,
				682EACE61B459F4D007F67FB /* AddNewCommentCell.xib */,
				68BECDDE1B5053010007689E /* MyCollectionViewCell.swift */,
				68BECDDF1B5053010007689E /* MyCollectionViewCell.xib */,
			);
			path = Cell;
			sourceTree = "<group>";
		};
		6834C6991B3DC90200F7912B /* Cell&Header */ = {
			isa = PBXGroup;
			children = (
				6834C69E1B3DCDB900F7912B /* AddPhotoCell.swift */,
				6834C69F1B3DCDB900F7912B /* AddPhotoCell.xib */,
				68F21D381B3DD3F8004455EC /* PriceCell.swift */,
				68F21D391B3DD3F8004455EC /* PriceCell.xib */,
				68F21D3C1B3DD6F5004455EC /* AttributeCell.swift */,
				68F21D3D1B3DD6F5004455EC /* AttributeCell.xib */,
				6879D8D01B3E346400F89BAF /* SecondPriceCell.swift */,
				6879D8D11B3E346400F89BAF /* SecondPriceCell.xib */,
				6879D8D41B3E370E00F89BAF /* ItemDescriptionCell.swift */,
				6879D8D51B3E370E00F89BAF /* ItemDescriptionCell.xib */,
			);
			path = "Cell&Header";
			sourceTree = "<group>";
		};
		683500BB1B577FBA004B052C /* Cell&Header */ = {
			isa = PBXGroup;
			children = (
				683500BC1B577FD2004B052C /* NotificationDetailFirstCell.swift */,
				683500BD1B577FD2004B052C /* NotificationDetailFirstCell.xib */,
				683500C01B577FEB004B052C /* NotificationDetailMessageCell.swift */,
				683500C11B577FEB004B052C /* NotificationDetailMessageCell.xib */,
				683500C41B578093004B052C /* NotificationDetailDescriptionCell.swift */,
				683500C51B578093004B052C /* NotificationDetailDescriptionCell.xib */,
				683500C81B5780E7004B052C /* NotificationDetailLastCell.swift */,
				683500C91B5780E7004B052C /* NotificationDetailLastCell.xib */,
			);
			path = "Cell&Header";
			sourceTree = "<group>";
		};
		684BE9AC1B42E5A100F1D6E9 /* Item List */ = {
			isa = PBXGroup;
			children = (
				684BE9B41B4305F900F1D6E9 /* Item detail */,
				684BE9AF1B42E65C00F1D6E9 /* Cell */,
				684BE9AD1B42E5BA00F1D6E9 /* ItemListViewController.swift */,
			);
			path = "Item List";
			sourceTree = "<group>";
		};
		684BE9AF1B42E65C00F1D6E9 /* Cell */ = {
			isa = PBXGroup;
			children = (
				684BE9B01B42E66F00F1D6E9 /* ItemListCell.swift */,
				684BE9B11B42E66F00F1D6E9 /* ItemListCell.xib */,
			);
			path = Cell;
			sourceTree = "<group>";
		};
		684BE9B41B4305F900F1D6E9 /* Item detail */ = {
			isa = PBXGroup;
			children = (
				684BE9B51B43063F00F1D6E9 /* ItemDetailController.swift */,
				684BE9B61B43063F00F1D6E9 /* ItemDetailController.xib */,
			);
			path = "Item detail";
			sourceTree = "<group>";
		};
		684BE9BC1B43139600F1D6E9 /* Message */ = {
			isa = PBXGroup;
			children = (
				68A1A7361B5939E700C8B5D2 /* ChatViewController */,
				684BE9BF1B43144F00F1D6E9 /* Cell */,
				684BE9BD1B4313B300F1D6E9 /* MessageTableViewController.swift */,
			);
			path = Message;
			sourceTree = "<group>";
		};
		684BE9BF1B43144F00F1D6E9 /* Cell */ = {
			isa = PBXGroup;
			children = (
				684BE9C01B43146200F1D6E9 /* MessageCell.swift */,
				684BE9C11B43146200F1D6E9 /* MessageCell.xib */,
			);
			path = Cell;
			sourceTree = "<group>";
		};
		684BE9C61B431BEB00F1D6E9 /* Shop Local */ = {
			isa = PBXGroup;
			children = (
				687EF1721B4EC95E007DADC0 /* Group View */,
				68164A9A1B46DC5D00346F16 /* Ads View */,
				682EACCF1B459612007F67FB /* Item Detail */,
				684BE9C91B431C7200F1D6E9 /* Cell */,
				684BE9C71B431C0200F1D6E9 /* ShopLocalViewController.swift */,
			);
			path = "Shop Local";
			sourceTree = "<group>";
		};
		684BE9C91B431C7200F1D6E9 /* Cell */ = {
			isa = PBXGroup;
			children = (
				684BE9CA1B431C8B00F1D6E9 /* ShopLocalCollectionCell.swift */,
				684BE9CB1B431C8B00F1D6E9 /* ShopLocalCollectionCell.xib */,
			);
			path = Cell;
			sourceTree = "<group>";
		};
		686ABAEE1B3E855900AC80E0 /* Lib */ = {
			isa = PBXGroup;
			children = (
				684BE9B91B43080000F1D6E9 /* ClickImage.h */,
				684BE9BA1B43080000F1D6E9 /* ClickImage.m */,
				686ABAEF1B3E85B800AC80E0 /* ELCImagePicker */,
			);
			path = Lib;
			sourceTree = "<group>";
		};
		686ABAEF1B3E85B800AC80E0 /* ELCImagePicker */ = {
			isa = PBXGroup;
			children = (
				686ABAF01B3E85CC00AC80E0 /* ELCAlbumPickerController.h */,
				686ABAF11B3E85CC00AC80E0 /* ELCAlbumPickerController.m */,
				686ABAF21B3E85CC00AC80E0 /* ELCAsset.h */,
				686ABAF31B3E85CC00AC80E0 /* ELCAsset.m */,
				686ABAF41B3E85CC00AC80E0 /* ELCAssetCell.h */,
				686ABAF51B3E85CC00AC80E0 /* ELCAssetCell.m */,
				686ABAF61B3E85CC00AC80E0 /* ELCAssetPickerFilterDelegate.h */,
				686ABAF71B3E85CC00AC80E0 /* ELCAssetSelectionDelegate.h */,
				686ABAF81B3E85CC00AC80E0 /* ELCAssetTablePicker.h */,
				686ABAF91B3E85CC00AC80E0 /* ELCAssetTablePicker.m */,
				686ABAFA1B3E85CC00AC80E0 /* ELCConsole.h */,
				686ABAFB1B3E85CC00AC80E0 /* ELCConsole.m */,
				686ABAFC1B3E85CC00AC80E0 /* ELCImagePickerController.h */,
				686ABAFD1B3E85CC00AC80E0 /* ELCImagePickerController.m */,
				686ABAFE1B3E85CC00AC80E0 /* ELCImagePickerHeader.h */,
				686ABAFF1B3E85CC00AC80E0 /* ELCOverlayImageView.h */,
				686ABB001B3E85CC00AC80E0 /* ELCOverlayImageView.m */,
			);
			path = ELCImagePicker;
			sourceTree = "<group>";
		};
		686ABB081B3E9CA000AC80E0 /* Item Information */ = {
			isa = PBXGroup;
			children = (
				686ABB091B3E9CB500AC80E0 /* ItemInfoController.swift */,
				686ABB0A1B3E9CB500AC80E0 /* ItemInfoController.xib */,
			);
			path = "Item Information";
			sourceTree = "<group>";
		};
		686E523E1B5A35420047D2F6 /* Object */ = {
			isa = PBXGroup;
			children = (
				686E523F1B5A35550047D2F6 /* User.swift */,
				686E52411B5A38710047D2F6 /* Item.swift */,
				686E52431B5A39A90047D2F6 /* Category.swift */,
				686E52451B5A39F50047D2F6 /* Condition.swift */,
				686E52471B5A3A210047D2F6 /* Age.swift */,
				686E52491B5A3A580047D2F6 /* Notification.swift */,
				68164A9F1B46E2F700346F16 /* CommentObject.swift */,
				68AF5B131B667D06009FF782 /* Message.swift */,
			);
			path = Object;
			sourceTree = "<group>";
		};
		686ECCB91B4162A2001A861B /* Sign up */ = {
			isa = PBXGroup;
			children = (
				686ECCBA1B416333001A861B /* SignUpViewController.swift */,
				686ECCBB1B416333001A861B /* SignUpViewController.xib */,
			);
			path = "Sign up";
			sourceTree = "<group>";
		};
		68707CE21B4233BA00F99445 /* Profile Controller */ = {
			isa = PBXGroup;
			children = (
				68707CE31B4233E300F99445 /* ProfileViewController.swift */,
			);
			path = "Profile Controller";
			sourceTree = "<group>";
		};
		68707CE51B428BC100F99445 /* Favorite */ = {
			isa = PBXGroup;
			children = (
				68E292651B580DC500BDB7E2 /* Cell */,
				68707CE61B428BD500F99445 /* FavoriteViewController.swift */,
			);
			name = Favorite;
			path = Favourite;
			sourceTree = "<group>";
		};
		68707CE81B4290BB00F99445 /* Notification Detail */ = {
			isa = PBXGroup;
			children = (
				683500BB1B577FBA004B052C /* Cell&Header */,
				68707CE91B4290CD00F99445 /* NotificationDetailViewController.swift */,
				68707CEA1B4290CD00F99445 /* NotificationDetailViewController.xib */,
			);
			path = "Notification Detail";
			sourceTree = "<group>";
		};
		687EF1721B4EC95E007DADC0 /* Group View */ = {
			isa = PBXGroup;
			children = (
				687EF1731B4EC980007DADC0 /* FilterView.swift */,
				687EF1751B4ECA53007DADC0 /* ApplyFilterView.swift */,
				687EF1771B4ED810007DADC0 /* FilterTableView.swift */,
			);
			path = "Group View";
			sourceTree = "<group>";
		};
		6889D7DA1B413BB5006A176D /* Login Controller */ = {
			isa = PBXGroup;
			children = (
				6889D7DB1B413BCA006A176D /* LoginViewController.swift */,
				6889D7DC1B413BCA006A176D /* LoginViewController.xib */,
			);
			path = "Login Controller";
			sourceTree = "<group>";
		};
		688E69D01B3DAFC500030F3E /* View Controller */ = {
			isa = PBXGroup;
			children = (
				68081E8C1B43C8AC00F93CFE /* About Controller */,
				684BE9C61B431BEB00F1D6E9 /* Shop Local */,
				684BE9BC1B43139600F1D6E9 /* Message */,
				684BE9AC1B42E5A100F1D6E9 /* Item List */,
				68707CE51B428BC100F99445 /* Favorite */,
				68707CE21B4233BA00F99445 /* Profile Controller */,
				686ECCB91B4162A2001A861B /* Sign up */,
				6889D7DA1B413BB5006A176D /* Login Controller */,
				68A62AE11B404FEC00B31317 /* Notification Controller */,
				688E69DC1B3DC55000030F3E /* Add Item Controller */,
				688E69D81B3DB7A300030F3E /* Other Custom View */,
				688E69D71B3DB74A00030F3E /* Home Controller */,
				688E69D41B3DB5F600030F3E /* Base Controller */,
				688E69D11B3DAFD100030F3E /* Menu Controller */,
			);
			path = "View Controller";
			sourceTree = "<group>";
		};
		688E69D11B3DAFD100030F3E /* Menu Controller */ = {
			isa = PBXGroup;
			children = (
				688E69D21B3DAFDD00030F3E /* MenuController.swift */,
			);
			path = "Menu Controller";
			sourceTree = "<group>";
		};
		688E69D41B3DB5F600030F3E /* Base Controller */ = {
			isa = PBXGroup;
			children = (
				688E69D51B3DB60C00030F3E /* BaseViewController.swift */,
				686ABB0D1B3E9D2300AC80E0 /* BaseSubViewController.swift */,
			);
			path = "Base Controller";
			sourceTree = "<group>";
		};
		688E69D71B3DB74A00030F3E /* Home Controller */ = {
			isa = PBXGroup;
			children = (
				68B2998F1B3DA9D6009720BF /* ViewController.swift */,
			);
			path = "Home Controller";
			sourceTree = "<group>";
		};
		688E69D81B3DB7A300030F3E /* Other Custom View */ = {
			isa = PBXGroup;
			children = (
			);
			path = "Other Custom View";
			sourceTree = "<group>";
		};
		688E69D91B3DC2CA00030F3E /* Custom View, Button, Color... */ = {
			isa = PBXGroup;
			children = (
				68CF7AD71B686FC80079AE6E /* Utilities.swift */,
				6898FF6D1B646E100053BF02 /* ArrayExtension.swift */,
				6898FF6E1B646E100053BF02 /* StringExtension.swift */,
				6898FF6F1B646E100053BF02 /* UIButtonExtension.swift */,
				6898FF701B646E100053BF02 /* UIImageExtension.swift */,
				6898FF711B646E100053BF02 /* UITextFieldExtension.swift */,
				6898FF721B646E100053BF02 /* UITextViewExtension.swift */,
				6898FF731B646E100053BF02 /* UIViewExtension.swift */,
				68A1A7401B59448500C8B5D2 /* NSDateExtension.swift */,
				688E69DA1B3DC30D00030F3E /* UIColorExtension.swift */,
				6879D8D81B3E37A900F89BAF /* MyCustomTextField.swift */,
				68120FFE1B3E53B900C2AB49 /* NSNotificationCenterExtension.swift */,
				686ABAEC1B3E704A00AC80E0 /* MyCustomImage.swift */,
			);
			path = "Custom View, Button, Color...";
			sourceTree = "<group>";
		};
		688E69DC1B3DC55000030F3E /* Add Item Controller */ = {
			isa = PBXGroup;
			children = (
				68A62AD71B40375500B31317 /* Camera Controller */,
				686ABB081B3E9CA000AC80E0 /* Item Information */,
				6834C6991B3DC90200F7912B /* Cell&Header */,
				688E69DD1B3DC57100030F3E /* AddItemViewController.swift */,
			);
			path = "Add Item Controller";
			sourceTree = "<group>";
		};
		68A1A7361B5939E700C8B5D2 /* ChatViewController */ = {
			isa = PBXGroup;
			children = (
				68A1A7371B593A6900C8B5D2 /* ChatViewController.swift */,
				68A1A7381B593A6900C8B5D2 /* ChatViewController.xib */,
			);
			path = ChatViewController;
			sourceTree = "<group>";
		};
		68A62AD71B40375500B31317 /* Camera Controller */ = {
			isa = PBXGroup;
			children = (
				68A62AD81B40376700B31317 /* CameraController.swift */,
				68A62AD91B40376700B31317 /* CameraController.xib */,
			);
			path = "Camera Controller";
			sourceTree = "<group>";
		};
		68A62AE11B404FEC00B31317 /* Notification Controller */ = {
			isa = PBXGroup;
			children = (
				68707CE81B4290BB00F99445 /* Notification Detail */,
				68A62AE41B40509500B31317 /* Cell */,
				68A62AEB1B405AC900B31317 /* NotificationTableViewController.swift */,
			);
			path = "Notification Controller";
			sourceTree = "<group>";
		};
		68A62AE41B40509500B31317 /* Cell */ = {
			isa = PBXGroup;
			children = (
				68A62AE51B4050AB00B31317 /* NotificationCell.swift */,
				68A62AE61B4050AB00B31317 /* NotificationCell.xib */,
			);
			path = Cell;
			sourceTree = "<group>";
		};
		68B2997F1B3DA9D6009720BF = {
			isa = PBXGroup;
			children = (
				68B2998A1B3DA9D6009720BF /* 1Again */,
				68B299A01B3DA9D6009720BF /* 1AgainTests */,
				68B299891B3DA9D6009720BF /* Products */,
				FC6B511CFD8011E23C64F988 /* Pods */,
				BE0F0CF7C7F52BD492E6D8B5 /* Frameworks */,
			);
			sourceTree = "<group>";
		};
		68B299891B3DA9D6009720BF /* Products */ = {
			isa = PBXGroup;
			children = (
				68B299881B3DA9D6009720BF /* 1Again.app */,
				68B2999D1B3DA9D6009720BF /* 1AgainTests.xctest */,
			);
			name = Products;
			sourceTree = "<group>";
		};
		68B2998A1B3DA9D6009720BF /* 1Again */ = {
			isa = PBXGroup;
			children = (
				688E69D91B3DC2CA00030F3E /* Custom View, Button, Color... */,
				688E69D01B3DAFC500030F3E /* View Controller */,
				68C6C8A11B3DAE7C0075AA2F /* Model */,
				68B2998D1B3DA9D6009720BF /* AppDelegate.swift */,
				68B299911B3DA9D6009720BF /* Main.storyboard */,
				68B299941B3DA9D6009720BF /* Images.xcassets */,
				68B299961B3DA9D6009720BF /* LaunchScreen.xib */,
				68B2998B1B3DA9D6009720BF /* Supporting Files */,
				68C6C89C1B3DAE470075AA2F /* 1Again-Bridging-Header.h */,
			);
			path = 1Again;
			sourceTree = "<group>";
		};
		68B2998B1B3DA9D6009720BF /* Supporting Files */ = {
			isa = PBXGroup;
			children = (
				686ABAEE1B3E855900AC80E0 /* Lib */,
				68B2998C1B3DA9D6009720BF /* Info.plist */,
			);
			name = "Supporting Files";
			sourceTree = "<group>";
		};
		68B299A01B3DA9D6009720BF /* 1AgainTests */ = {
			isa = PBXGroup;
			children = (
				68B299A31B3DA9D6009720BF /* _AgainTests.swift */,
				68B299A11B3DA9D6009720BF /* Supporting Files */,
			);
			path = 1AgainTests;
			sourceTree = "<group>";
		};
		68B299A11B3DA9D6009720BF /* Supporting Files */ = {
			isa = PBXGroup;
			children = (
				68B299A21B3DA9D6009720BF /* Info.plist */,
			);
			name = "Supporting Files";
			sourceTree = "<group>";
		};
		68C6C8A11B3DAE7C0075AA2F /* Model */ = {
			isa = PBXGroup;
			children = (
				686E523E1B5A35420047D2F6 /* Object */,
				68181F7E1B57F3BA002FC002 /* API */,
			);
			path = Model;
			sourceTree = "<group>";
		};
		68E292651B580DC500BDB7E2 /* Cell */ = {
			isa = PBXGroup;
			children = (
				68E292661B580DE000BDB7E2 /* FavoriteTableViewCell.swift */,
				68E292671B580DE000BDB7E2 /* FavoriteTableViewCell.xib */,
			);
			path = Cell;
			sourceTree = "<group>";
		};
		BE0F0CF7C7F52BD492E6D8B5 /* Frameworks */ = {
			isa = PBXGroup;
			children = (
				2DA38033A5447858D3106822 /* libPods.a */,
			);
			name = Frameworks;
			sourceTree = "<group>";
		};
		FC6B511CFD8011E23C64F988 /* Pods */ = {
			isa = PBXGroup;
			children = (
				4B98E468CE1E1CBAC22FB926 /* Pods.debug.xcconfig */,
				8D7893BE7E344CC5C9B9D55D /* Pods.release.xcconfig */,
			);
			name = Pods;
			sourceTree = "<group>";
		};
/* End PBXGroup section */

/* Begin PBXNativeTarget section */
		68B299871B3DA9D6009720BF /* 1Again */ = {
			isa = PBXNativeTarget;
			buildConfigurationList = 68B299A71B3DA9D6009720BF /* Build configuration list for PBXNativeTarget "1Again" */;
			buildPhases = (
				2C826D40B0C44633A568750C /* Check Pods Manifest.lock */,
				68B299841B3DA9D6009720BF /* Sources */,
				68B299851B3DA9D6009720BF /* Frameworks */,
				68B299861B3DA9D6009720BF /* Resources */,
				715DE9A6CF208EECA2BB1946 /* Copy Pods Resources */,
				A128E1EAEA76DE886CF77366 /* Find unused imports */,
			);
			buildRules = (
			);
			dependencies = (
			);
			name = 1Again;
			productName = 1Again;
			productReference = 68B299881B3DA9D6009720BF /* 1Again.app */;
			productType = "com.apple.product-type.application";
		};
		68B2999C1B3DA9D6009720BF /* 1AgainTests */ = {
			isa = PBXNativeTarget;
			buildConfigurationList = 68B299AA1B3DA9D6009720BF /* Build configuration list for PBXNativeTarget "1AgainTests" */;
			buildPhases = (
				68B299991B3DA9D6009720BF /* Sources */,
				68B2999A1B3DA9D6009720BF /* Frameworks */,
				68B2999B1B3DA9D6009720BF /* Resources */,
			);
			buildRules = (
			);
			dependencies = (
				68B2999F1B3DA9D6009720BF /* PBXTargetDependency */,
			);
			name = 1AgainTests;
			productName = 1AgainTests;
			productReference = 68B2999D1B3DA9D6009720BF /* 1AgainTests.xctest */;
			productType = "com.apple.product-type.bundle.unit-test";
		};
/* End PBXNativeTarget section */

/* Begin PBXProject section */
		68B299801B3DA9D6009720BF /* Project object */ = {
			isa = PBXProject;
			attributes = {
				LastSwiftUpdateCheck = 0700;
				LastUpgradeCheck = 0630;
				ORGANIZATIONNAME = "Phong Nguyen Nam";
				TargetAttributes = {
					68B299871B3DA9D6009720BF = {
						CreatedOnToolsVersion = 6.3.1;
					};
					68B2999C1B3DA9D6009720BF = {
						CreatedOnToolsVersion = 6.3.1;
						TestTargetID = 68B299871B3DA9D6009720BF;
					};
				};
			};
			buildConfigurationList = 68B299831B3DA9D6009720BF /* Build configuration list for PBXProject "1Again" */;
			compatibilityVersion = "Xcode 3.2";
			developmentRegion = English;
			hasScannedForEncodings = 0;
			knownRegions = (
				en,
				Base,
			);
			mainGroup = 68B2997F1B3DA9D6009720BF;
			productRefGroup = 68B299891B3DA9D6009720BF /* Products */;
			projectDirPath = "";
			projectRoot = "";
			targets = (
				68B299871B3DA9D6009720BF /* 1Again */,
				68B2999C1B3DA9D6009720BF /* 1AgainTests */,
			);
		};
/* End PBXProject section */

/* Begin PBXResourcesBuildPhase section */
		68B299861B3DA9D6009720BF /* Resources */ = {
			isa = PBXResourcesBuildPhase;
			buildActionMask = 2147483647;
			files = (
				682EACC51B456643007F67FB /* Main.storyboard in Resources */,
				682EACE01B459D2B007F67FB /* ShopLocalThirdCell.xib in Resources */,
				68A62AE81B4050AB00B31317 /* NotificationCell.xib in Resources */,
				6879D8D31B3E346400F89BAF /* SecondPriceCell.xib in Resources */,
				682EACE81B459F4D007F67FB /* AddNewCommentCell.xib in Resources */,
				686ECCBD1B416333001A861B /* SignUpViewController.xib in Resources */,
				68A1A73A1B593A6900C8B5D2 /* ChatViewController.xib in Resources */,
				68BECDE11B5053010007689E /* MyCollectionViewCell.xib in Resources */,
				682EACD81B459707007F67FB /* ShopLocalFirstCell.xib in Resources */,
				686ABB0C1B3E9CB500AC80E0 /* ItemInfoController.xib in Resources */,
				684BE9CD1B431C8B00F1D6E9 /* ShopLocalCollectionCell.xib in Resources */,
				68164A9E1B46DC7000346F16 /* AdsViewViewController.xib in Resources */,
				68B299981B3DA9D6009720BF /* LaunchScreen.xib in Resources */,
				682EACDC1B459C15007F67FB /* ShopLocalSecondCell.xib in Resources */,
				683500C71B578093004B052C /* NotificationDetailDescriptionCell.xib in Resources */,
				68A62ADB1B40376700B31317 /* CameraController.xib in Resources */,
				683500CB1B5780E7004B052C /* NotificationDetailLastCell.xib in Resources */,
				6879D8D71B3E370E00F89BAF /* ItemDescriptionCell.xib in Resources */,
				682EACE41B459E98007F67FB /* CommentCell.xib in Resources */,
				683500BF1B577FD2004B052C /* NotificationDetailFirstCell.xib in Resources */,
				68F21D3F1B3DD6F5004455EC /* AttributeCell.xib in Resources */,
				6889D7DE1B413BCA006A176D /* LoginViewController.xib in Resources */,
				683500C31B577FEB004B052C /* NotificationDetailMessageCell.xib in Resources */,
				68F21D3B1B3DD3F8004455EC /* PriceCell.xib in Resources */,
				684BE9B31B42E66F00F1D6E9 /* ItemListCell.xib in Resources */,
				684BE9C31B43146200F1D6E9 /* MessageCell.xib in Resources */,
				68B299951B3DA9D6009720BF /* Images.xcassets in Resources */,
				682EACD31B45968D007F67FB /* ShopLocalDetailViewController.xib in Resources */,
				68E292691B580DE000BDB7E2 /* FavoriteTableViewCell.xib in Resources */,
				68707CEC1B4290CD00F99445 /* NotificationDetailViewController.xib in Resources */,
				6834C6A11B3DCDB900F7912B /* AddPhotoCell.xib in Resources */,
				684BE9B81B43063F00F1D6E9 /* ItemDetailController.xib in Resources */,
			);
			runOnlyForDeploymentPostprocessing = 0;
		};
		68B2999B1B3DA9D6009720BF /* Resources */ = {
			isa = PBXResourcesBuildPhase;
			buildActionMask = 2147483647;
			files = (
			);
			runOnlyForDeploymentPostprocessing = 0;
		};
/* End PBXResourcesBuildPhase section */

/* Begin PBXShellScriptBuildPhase section */
		2C826D40B0C44633A568750C /* Check Pods Manifest.lock */ = {
			isa = PBXShellScriptBuildPhase;
			buildActionMask = 2147483647;
			files = (
			);
			inputPaths = (
			);
			name = "Check Pods Manifest.lock";
			outputPaths = (
			);
			runOnlyForDeploymentPostprocessing = 0;
			shellPath = /bin/sh;
			shellScript = "diff \"${PODS_ROOT}/../Podfile.lock\" \"${PODS_ROOT}/Manifest.lock\" > /dev/null\nif [[ $? != 0 ]] ; then\n    cat << EOM\nerror: The sandbox is not in sync with the Podfile.lock. Run 'pod install' or update your CocoaPods installation.\nEOM\n    exit 1\nfi\n";
			showEnvVarsInLog = 0;
		};
		715DE9A6CF208EECA2BB1946 /* Copy Pods Resources */ = {
			isa = PBXShellScriptBuildPhase;
			buildActionMask = 2147483647;
			files = (
			);
			inputPaths = (
			);
			name = "Copy Pods Resources";
			outputPaths = (
			);
			runOnlyForDeploymentPostprocessing = 0;
			shellPath = /bin/sh;
			shellScript = "\"${SRCROOT}/Pods/Target Support Files/Pods/Pods-resources.sh\"\n";
			showEnvVarsInLog = 0;
		};
		A128E1EAEA76DE886CF77366 /* Find unused imports */ = {
			isa = PBXShellScriptBuildPhase;
			buildActionMask = 2147483647;
			files = (
			);
			inputPaths = (
			);
			name = "Find unused imports";
			outputPaths = (
			);
			runOnlyForDeploymentPostprocessing = 0;
			shellPath = /bin/sh;
			shellScript = "/bin/sh \"/Users/phongnn/Library/Application Support/Developer/Shared/Xcode/Plug-ins/xcfui.xcplugin/Contents/Resources/fui_script.sh\" \"/Users/phongnn/workspace/Freelance/1Again\"";
		};
/* End PBXShellScriptBuildPhase section */

/* Begin PBXSourcesBuildPhase section */
		68B299841B3DA9D6009720BF /* Sources */ = {
			isa = PBXSourcesBuildPhase;
			buildActionMask = 2147483647;
			files = (
				684BE9BE1B4313B300F1D6E9 /* MessageTableViewController.swift in Sources */,
				682EACD21B45968D007F67FB /* ShopLocalDetailViewController.swift in Sources */,
				6889D7DD1B413BCA006A176D /* LoginViewController.swift in Sources */,
				687EF1781B4ED810007DADC0 /* FilterTableView.swift in Sources */,
				686E52481B5A3A210047D2F6 /* Age.swift in Sources */,
				682EACDF1B459D2B007F67FB /* ShopLocalThirdCell.swift in Sources */,
				686ABB031B3E85CC00AC80E0 /* ELCAssetCell.m in Sources */,
				6834C6A01B3DCDB900F7912B /* AddPhotoCell.swift in Sources */,
				684BE9CC1B431C8B00F1D6E9 /* ShopLocalCollectionCell.swift in Sources */,
				683500C61B578093004B052C /* NotificationDetailDescriptionCell.swift in Sources */,
				687EF1761B4ECA53007DADC0 /* ApplyFilterView.swift in Sources */,
				686ABB021B3E85CC00AC80E0 /* ELCAsset.m in Sources */,
				6898FF751B646E100053BF02 /* StringExtension.swift in Sources */,
				686E52461B5A39F50047D2F6 /* Condition.swift in Sources */,
				682EACE71B459F4D007F67FB /* AddNewCommentCell.swift in Sources */,
				6898FF771B646E100053BF02 /* UIImageExtension.swift in Sources */,
				68AF5B141B667D06009FF782 /* Message.swift in Sources */,
				681210091B3E5B7C00C2AB49 /* AgeObject.swift in Sources */,
				6879D8D21B3E346400F89BAF /* SecondPriceCell.swift in Sources */,
				686ABB0E1B3E9D2300AC80E0 /* BaseSubViewController.swift in Sources */,
				682EACD71B459707007F67FB /* ShopLocalFirstCell.swift in Sources */,
				68181F841B57F492002FC002 /* CommentAPI.swift in Sources */,
				6812100D1B3E5C1200C2AB49 /* CategoryManager.swift in Sources */,
				686E52421B5A38710047D2F6 /* Item.swift in Sources */,
				68B299901B3DA9D6009720BF /* ViewController.swift in Sources */,
				681210031B3E599200C2AB49 /* CategoryObject.swift in Sources */,
				686E52441B5A39A90047D2F6 /* Category.swift in Sources */,
				68AF5B161B667ED1009FF782 /* MessageAPI.swift in Sources */,
				687EF1741B4EC980007DADC0 /* FilterView.swift in Sources */,
				68120FFF1B3E53B900C2AB49 /* NSNotificationCenterExtension.swift in Sources */,
				686ABB071B3E85CC00AC80E0 /* ELCOverlayImageView.m in Sources */,
				68707CEB1B4290CD00F99445 /* NotificationDetailViewController.swift in Sources */,
				682EACDB1B459C15007F67FB /* ShopLocalSecondCell.swift in Sources */,
				684BE9C81B431C0200F1D6E9 /* ShopLocalViewController.swift in Sources */,
				6879D8D61B3E370E00F89BAF /* ItemDescriptionCell.swift in Sources */,
				68F545301B5A125F00826677 /* UserAPI.swift in Sources */,
				68164AA01B46E2F700346F16 /* CommentObject.swift in Sources */,
				6898FF741B646E100053BF02 /* ArrayExtension.swift in Sources */,
				684BE9C21B43146200F1D6E9 /* MessageCell.swift in Sources */,
				688E69D61B3DB60C00030F3E /* BaseViewController.swift in Sources */,
				682EACE31B459E98007F67FB /* CommentCell.swift in Sources */,
				68181F851B57F492002FC002 /* FavoriteAPI.swift in Sources */,
				68A1A7411B59448500C8B5D2 /* NSDateExtension.swift in Sources */,
				68A62AE71B4050AB00B31317 /* NotificationCell.swift in Sources */,
				686ABB041B3E85CC00AC80E0 /* ELCAssetTablePicker.m in Sources */,
				686E52401B5A35550047D2F6 /* User.swift in Sources */,
				686ABB0B1B3E9CB500AC80E0 /* ItemInfoController.swift in Sources */,
				68707CE41B4233E300F99445 /* ProfileViewController.swift in Sources */,
				6898FF781B646E100053BF02 /* UITextFieldExtension.swift in Sources */,
				684BE9B71B43063F00F1D6E9 /* ItemDetailController.swift in Sources */,
				686ABAED1B3E704A00AC80E0 /* MyCustomImage.swift in Sources */,
				68A1A7391B593A6900C8B5D2 /* ChatViewController.swift in Sources */,
				68707CE71B428BD500F99445 /* FavoriteViewController.swift in Sources */,
				68CF7AD81B686FC80079AE6E /* Utilities.swift in Sources */,
				686ABB011B3E85CC00AC80E0 /* ELCAlbumPickerController.m in Sources */,
				688E69DB1B3DC30D00030F3E /* UIColorExtension.swift in Sources */,
				688E69D31B3DAFDD00030F3E /* MenuController.swift in Sources */,
				683500BE1B577FD2004B052C /* NotificationDetailFirstCell.swift in Sources */,
				68181F881B57F4B2002FC002 /* DataManager.swift in Sources */,
				686ECCBC1B416333001A861B /* SignUpViewController.swift in Sources */,
				68181F861B57F492002FC002 /* ItemAPI.swift in Sources */,
				68164A9D1B46DC7000346F16 /* AdsViewViewController.swift in Sources */,
				68A1A73F1B5941EF00C8B5D2 /* ChatAPI.swift in Sources */,
				683D95C81B3E5EB30013B485 /* Constant.swift in Sources */,
				686ABB051B3E85CC00AC80E0 /* ELCConsole.m in Sources */,
				684BE9BB1B43080000F1D6E9 /* ClickImage.m in Sources */,
				68E292681B580DE000BDB7E2 /* FavoriteTableViewCell.swift in Sources */,
				6898FF791B646E100053BF02 /* UITextViewExtension.swift in Sources */,
				68F21D3A1B3DD3F8004455EC /* PriceCell.swift in Sources */,
				6879D8D91B3E37A900F89BAF /* MyCustomTextField.swift in Sources */,
				681210071B3E5AEB00C2AB49 /* ConditionObject.swift in Sources */,
				68B2998E1B3DA9D6009720BF /* AppDelegate.swift in Sources */,
				6898FF7A1B646E100053BF02 /* UIViewExtension.swift in Sources */,
				6898FF761B646E100053BF02 /* UIButtonExtension.swift in Sources */,
				684BE9AE1B42E5BA00F1D6E9 /* ItemListViewController.swift in Sources */,
				68A62AEC1B405AC900B31317 /* NotificationTableViewController.swift in Sources */,
				683500C21B577FEB004B052C /* NotificationDetailMessageCell.swift in Sources */,
				68F21D3E1B3DD6F5004455EC /* AttributeCell.swift in Sources */,
				684BE9B21B42E66F00F1D6E9 /* ItemListCell.swift in Sources */,
				686ABB061B3E85CC00AC80E0 /* ELCImagePickerController.m in Sources */,
				68A62ADA1B40376700B31317 /* CameraController.swift in Sources */,
				68181F801B57F3D1002FC002 /* NotificationAPI.swift in Sources */,
				68081E8E1B43C8C300F93CFE /* AboutViewController.swift in Sources */,
				688E69DE1B3DC57100030F3E /* AddItemViewController.swift in Sources */,
				686E524A1B5A3A580047D2F6 /* Notification.swift in Sources */,
				683500CA1B5780E7004B052C /* NotificationDetailLastCell.swift in Sources */,
				68BECDE01B5053010007689E /* MyCollectionViewCell.swift in Sources */,
				687EF17A1B4EE014007DADC0 /* DistanceObject.swift in Sources */,
			);
			runOnlyForDeploymentPostprocessing = 0;
		};
		68B299991B3DA9D6009720BF /* Sources */ = {
			isa = PBXSourcesBuildPhase;
			buildActionMask = 2147483647;
			files = (
				68B299A41B3DA9D6009720BF /* _AgainTests.swift in Sources */,
			);
			runOnlyForDeploymentPostprocessing = 0;
		};
/* End PBXSourcesBuildPhase section */

/* Begin PBXTargetDependency section */
		68B2999F1B3DA9D6009720BF /* PBXTargetDependency */ = {
			isa = PBXTargetDependency;
			target = 68B299871B3DA9D6009720BF /* 1Again */;
			targetProxy = 68B2999E1B3DA9D6009720BF /* PBXContainerItemProxy */;
		};
/* End PBXTargetDependency section */

/* Begin PBXVariantGroup section */
		68B299911B3DA9D6009720BF /* Main.storyboard */ = {
			isa = PBXVariantGroup;
			children = (
				68B299921B3DA9D6009720BF /* Base */,
			);
			name = Main.storyboard;
			sourceTree = "<group>";
		};
		68B299961B3DA9D6009720BF /* LaunchScreen.xib */ = {
			isa = PBXVariantGroup;
			children = (
				68B299971B3DA9D6009720BF /* Base */,
			);
			name = LaunchScreen.xib;
			sourceTree = "<group>";
		};
/* End PBXVariantGroup section */

/* Begin XCBuildConfiguration section */
		68B299A51B3DA9D6009720BF /* Debug */ = {
			isa = XCBuildConfiguration;
			buildSettings = {
				ALWAYS_SEARCH_USER_PATHS = NO;
				CLANG_CXX_LANGUAGE_STANDARD = "gnu++0x";
				CLANG_CXX_LIBRARY = "libc++";
				CLANG_ENABLE_MODULES = YES;
				CLANG_ENABLE_OBJC_ARC = YES;
				CLANG_WARN_BOOL_CONVERSION = YES;
				CLANG_WARN_CONSTANT_CONVERSION = YES;
				CLANG_WARN_DIRECT_OBJC_ISA_USAGE = YES_ERROR;
				CLANG_WARN_EMPTY_BODY = YES;
				CLANG_WARN_ENUM_CONVERSION = YES;
				CLANG_WARN_INT_CONVERSION = YES;
				CLANG_WARN_OBJC_ROOT_CLASS = YES_ERROR;
				CLANG_WARN_UNREACHABLE_CODE = YES;
				CLANG_WARN__DUPLICATE_METHOD_MATCH = YES;
				"CODE_SIGN_IDENTITY[sdk=iphoneos*]" = "iPhone Developer";
				COPY_PHASE_STRIP = NO;
				DEBUG_INFORMATION_FORMAT = "dwarf-with-dsym";
				ENABLE_STRICT_OBJC_MSGSEND = YES;
				GCC_C_LANGUAGE_STANDARD = gnu99;
				GCC_DYNAMIC_NO_PIC = NO;
				GCC_NO_COMMON_BLOCKS = YES;
				GCC_OPTIMIZATION_LEVEL = 0;
				GCC_PREPROCESSOR_DEFINITIONS = (
					"DEBUG=1",
					"$(inherited)",
				);
				GCC_SYMBOLS_PRIVATE_EXTERN = NO;
				GCC_WARN_64_TO_32_BIT_CONVERSION = YES;
				GCC_WARN_ABOUT_RETURN_TYPE = YES_ERROR;
				GCC_WARN_UNDECLARED_SELECTOR = YES;
				GCC_WARN_UNINITIALIZED_AUTOS = YES_AGGRESSIVE;
				GCC_WARN_UNUSED_FUNCTION = YES;
				GCC_WARN_UNUSED_VARIABLE = YES;
				IPHONEOS_DEPLOYMENT_TARGET = 8.3;
				MTL_ENABLE_DEBUG_INFO = YES;
				ONLY_ACTIVE_ARCH = YES;
				SDKROOT = iphoneos;
				SWIFT_OPTIMIZATION_LEVEL = "-Onone";
			};
			name = Debug;
		};
		68B299A61B3DA9D6009720BF /* Release */ = {
			isa = XCBuildConfiguration;
			buildSettings = {
				ALWAYS_SEARCH_USER_PATHS = NO;
				CLANG_CXX_LANGUAGE_STANDARD = "gnu++0x";
				CLANG_CXX_LIBRARY = "libc++";
				CLANG_ENABLE_MODULES = YES;
				CLANG_ENABLE_OBJC_ARC = YES;
				CLANG_WARN_BOOL_CONVERSION = YES;
				CLANG_WARN_CONSTANT_CONVERSION = YES;
				CLANG_WARN_DIRECT_OBJC_ISA_USAGE = YES_ERROR;
				CLANG_WARN_EMPTY_BODY = YES;
				CLANG_WARN_ENUM_CONVERSION = YES;
				CLANG_WARN_INT_CONVERSION = YES;
				CLANG_WARN_OBJC_ROOT_CLASS = YES_ERROR;
				CLANG_WARN_UNREACHABLE_CODE = YES;
				CLANG_WARN__DUPLICATE_METHOD_MATCH = YES;
				"CODE_SIGN_IDENTITY[sdk=iphoneos*]" = "iPhone Developer";
				COPY_PHASE_STRIP = NO;
				DEBUG_INFORMATION_FORMAT = "dwarf-with-dsym";
				ENABLE_NS_ASSERTIONS = NO;
				ENABLE_STRICT_OBJC_MSGSEND = YES;
				GCC_C_LANGUAGE_STANDARD = gnu99;
				GCC_NO_COMMON_BLOCKS = YES;
				GCC_WARN_64_TO_32_BIT_CONVERSION = YES;
				GCC_WARN_ABOUT_RETURN_TYPE = YES_ERROR;
				GCC_WARN_UNDECLARED_SELECTOR = YES;
				GCC_WARN_UNINITIALIZED_AUTOS = YES_AGGRESSIVE;
				GCC_WARN_UNUSED_FUNCTION = YES;
				GCC_WARN_UNUSED_VARIABLE = YES;
				IPHONEOS_DEPLOYMENT_TARGET = 8.3;
				MTL_ENABLE_DEBUG_INFO = NO;
				SDKROOT = iphoneos;
				VALIDATE_PRODUCT = YES;
			};
			name = Release;
		};
		68B299A81B3DA9D6009720BF /* Debug */ = {
			isa = XCBuildConfiguration;
			baseConfigurationReference = 4B98E468CE1E1CBAC22FB926 /* Pods.debug.xcconfig */;
			buildSettings = {
				ASSETCATALOG_COMPILER_APPICON_NAME = AppIcon;
				ASSETCATALOG_COMPILER_LAUNCHIMAGE_NAME = LaunchImage;
				CLANG_ENABLE_MODULES = YES;
				INFOPLIST_FILE = 1Again/Info.plist;
				IPHONEOS_DEPLOYMENT_TARGET = 7.0;
				LD_RUNPATH_SEARCH_PATHS = "$(inherited) @executable_path/Frameworks";
				PRODUCT_NAME = "$(TARGET_NAME)";
				SWIFT_OBJC_BRIDGING_HEADER = "1Again/1Again-Bridging-Header.h";
				SWIFT_OPTIMIZATION_LEVEL = "-Onone";
			};
			name = Debug;
		};
		68B299A91B3DA9D6009720BF /* Release */ = {
			isa = XCBuildConfiguration;
			baseConfigurationReference = 8D7893BE7E344CC5C9B9D55D /* Pods.release.xcconfig */;
			buildSettings = {
				ASSETCATALOG_COMPILER_APPICON_NAME = AppIcon;
				ASSETCATALOG_COMPILER_LAUNCHIMAGE_NAME = LaunchImage;
				CLANG_ENABLE_MODULES = YES;
				INFOPLIST_FILE = 1Again/Info.plist;
				IPHONEOS_DEPLOYMENT_TARGET = 7.0;
				LD_RUNPATH_SEARCH_PATHS = "$(inherited) @executable_path/Frameworks";
				PRODUCT_NAME = "$(TARGET_NAME)";
				SWIFT_OBJC_BRIDGING_HEADER = "1Again/1Again-Bridging-Header.h";
			};
			name = Release;
		};
		68B299AB1B3DA9D6009720BF /* Debug */ = {
			isa = XCBuildConfiguration;
			buildSettings = {
				BUNDLE_LOADER = "$(TEST_HOST)";
				FRAMEWORK_SEARCH_PATHS = (
					"$(SDKROOT)/Developer/Library/Frameworks",
					"$(inherited)",
				);
				GCC_PREPROCESSOR_DEFINITIONS = (
					"DEBUG=1",
					"$(inherited)",
				);
				INFOPLIST_FILE = 1AgainTests/Info.plist;
				LD_RUNPATH_SEARCH_PATHS = "$(inherited) @executable_path/Frameworks @loader_path/Frameworks";
				PRODUCT_NAME = "$(TARGET_NAME)";
				TEST_HOST = "$(BUILT_PRODUCTS_DIR)/1Again.app/1Again";
			};
			name = Debug;
		};
		68B299AC1B3DA9D6009720BF /* Release */ = {
			isa = XCBuildConfiguration;
			buildSettings = {
				BUNDLE_LOADER = "$(TEST_HOST)";
				FRAMEWORK_SEARCH_PATHS = (
					"$(SDKROOT)/Developer/Library/Frameworks",
					"$(inherited)",
				);
				INFOPLIST_FILE = 1AgainTests/Info.plist;
				LD_RUNPATH_SEARCH_PATHS = "$(inherited) @executable_path/Frameworks @loader_path/Frameworks";
				PRODUCT_NAME = "$(TARGET_NAME)";
				TEST_HOST = "$(BUILT_PRODUCTS_DIR)/1Again.app/1Again";
			};
			name = Release;
		};
/* End XCBuildConfiguration section */

/* Begin XCConfigurationList section */
		68B299831B3DA9D6009720BF /* Build configuration list for PBXProject "1Again" */ = {
			isa = XCConfigurationList;
			buildConfigurations = (
				68B299A51B3DA9D6009720BF /* Debug */,
				68B299A61B3DA9D6009720BF /* Release */,
			);
			defaultConfigurationIsVisible = 0;
			defaultConfigurationName = Release;
		};
		68B299A71B3DA9D6009720BF /* Build configuration list for PBXNativeTarget "1Again" */ = {
			isa = XCConfigurationList;
			buildConfigurations = (
				68B299A81B3DA9D6009720BF /* Debug */,
				68B299A91B3DA9D6009720BF /* Release */,
			);
			defaultConfigurationIsVisible = 0;
			defaultConfigurationName = Release;
		};
		68B299AA1B3DA9D6009720BF /* Build configuration list for PBXNativeTarget "1AgainTests" */ = {
			isa = XCConfigurationList;
			buildConfigurations = (
				68B299AB1B3DA9D6009720BF /* Debug */,
				68B299AC1B3DA9D6009720BF /* Release */,
			);
			defaultConfigurationIsVisible = 0;
			defaultConfigurationName = Release;
		};
/* End XCConfigurationList section */
	};
	rootObject = 68B299801B3DA9D6009720BF /* Project object */;
}
